// !$*UTF8*$!
{
	archiveVersion = 1;
	classes = {
	};
	objectVersion = 50;
	objects = {

/* Begin PBXBuildFile section */
		874C9214D46A2969E42A48B2 /* Pods_MoneyControl.framework in Frameworks */ = {isa = PBXBuildFile; fileRef = BE97D8B7FB287C9B7A662C78 /* Pods_MoneyControl.framework */; };
		D90EDB89214FD93900012383 /* AppDelegate.swift in Sources */ = {isa = PBXBuildFile; fileRef = D90EDB88214FD93900012383 /* AppDelegate.swift */; };
		D90EDB93214FD93A00012383 /* LaunchScreen.storyboard in Resources */ = {isa = PBXBuildFile; fileRef = D90EDB91214FD93A00012383 /* LaunchScreen.storyboard */; };
		D90EDB9B214FE53900012383 /* Assets.xcassets in Resources */ = {isa = PBXBuildFile; fileRef = D90EDB9A214FE53900012383 /* Assets.xcassets */; };
		D911ECF921A7EFFB00C3A7B1 /* ActivityFlow.storyboard in Resources */ = {isa = PBXBuildFile; fileRef = D911ECF821A7EFFB00C3A7B1 /* ActivityFlow.storyboard */; };
		D911ECFC21A7F7EB00C3A7B1 /* ActivityViewController.swift in Sources */ = {isa = PBXBuildFile; fileRef = D911ECFB21A7F7EB00C3A7B1 /* ActivityViewController.swift */; };
		D911ECFE21A7F9E400C3A7B1 /* AppLaunch.swift in Sources */ = {isa = PBXBuildFile; fileRef = D911ECFD21A7F9E400C3A7B1 /* AppLaunch.swift */; };
		D911ED0021A7FC5500C3A7B1 /* Router.swift in Sources */ = {isa = PBXBuildFile; fileRef = D911ECFF21A7FC5500C3A7B1 /* Router.swift */; };
		D911ED0421A8025800C3A7B1 /* CheckButton.swift in Sources */ = {isa = PBXBuildFile; fileRef = D911ED0321A8025800C3A7B1 /* CheckButton.swift */; };
		D911ED0621A804FF00C3A7B1 /* Typealiases.swift in Sources */ = {isa = PBXBuildFile; fileRef = D911ED0521A804FF00C3A7B1 /* Typealiases.swift */; };
		D920A09B21562F8100ECA806 /* BottomPopupViewController.swift in Sources */ = {isa = PBXBuildFile; fileRef = D920A09921562F8100ECA806 /* BottomPopupViewController.swift */; };
		D920A09C21562F8100ECA806 /* BottomPopupViewController.xib in Resources */ = {isa = PBXBuildFile; fileRef = D920A09A21562F8100ECA806 /* BottomPopupViewController.xib */; };
		D920A0A22156306A00ECA806 /* UIViewExtensions.swift in Sources */ = {isa = PBXBuildFile; fileRef = D920A0A02156306A00ECA806 /* UIViewExtensions.swift */; };
		D920A0A32156306A00ECA806 /* UIViewControllerExtensions.swift in Sources */ = {isa = PBXBuildFile; fileRef = D920A0A12156306A00ECA806 /* UIViewControllerExtensions.swift */; };
		D920A0A62156427300ECA806 /* UIWindowExtensions.swift in Sources */ = {isa = PBXBuildFile; fileRef = D920A0A52156427300ECA806 /* UIWindowExtensions.swift */; };
		D922148021A97DCB00A71CDB /* UICollectionViewExtensions.swift in Sources */ = {isa = PBXBuildFile; fileRef = D922147F21A97DCB00A71CDB /* UICollectionViewExtensions.swift */; };
		D92295F621ADEF4E002AF881 /* ActivityViewViewModel.swift in Sources */ = {isa = PBXBuildFile; fileRef = D92295F521ADEF4E002AF881 /* ActivityViewViewModel.swift */; };
		D92EEDF321A94F0E00A9C233 /* ActivityTopViewController.swift in Sources */ = {isa = PBXBuildFile; fileRef = D92EEDF221A94F0E00A9C233 /* ActivityTopViewController.swift */; };
		D92EEDF621A94F4700A9C233 /* ActivityBottomViewController.swift in Sources */ = {isa = PBXBuildFile; fileRef = D92EEDF521A94F4700A9C233 /* ActivityBottomViewController.swift */; };
		D92EEDF921A9515A00A9C233 /* CategoryCollectionViewCell.swift in Sources */ = {isa = PBXBuildFile; fileRef = D92EEDF821A9515A00A9C233 /* CategoryCollectionViewCell.swift */; };
		D92EEDFB21A9518100A9C233 /* CategoryCollectionViewCell.xib in Resources */ = {isa = PBXBuildFile; fileRef = D92EEDFA21A9518100A9C233 /* CategoryCollectionViewCell.xib */; };
		D94ADB2C21B186A700D94F0F /* EmptyView.swift in Sources */ = {isa = PBXBuildFile; fileRef = D94ADB2B21B186A700D94F0F /* EmptyView.swift */; };
		D94ADB2E21B1887700D94F0F /* EmptyView.xib in Resources */ = {isa = PBXBuildFile; fileRef = D94ADB2D21B1887700D94F0F /* EmptyView.xib */; };
		D95CF25E2156523D001BEF1F /* LockViewController.swift in Sources */ = {isa = PBXBuildFile; fileRef = D95CF25C2156523D001BEF1F /* LockViewController.swift */; };
		D95CF25F2156523D001BEF1F /* LockViewController.xib in Resources */ = {isa = PBXBuildFile; fileRef = D95CF25D2156523D001BEF1F /* LockViewController.xib */; };
		D95CF261215775FF001BEF1F /* Lato-Light.ttf in Resources */ = {isa = PBXBuildFile; fileRef = D95CF260215775F8001BEF1F /* Lato-Light.ttf */; };
		D95CF26521577826001BEF1F /* PinCircleView.swift in Sources */ = {isa = PBXBuildFile; fileRef = D95CF26421577826001BEF1F /* PinCircleView.swift */; };
		D95CF2682157796E001BEF1F /* App.swift in Sources */ = {isa = PBXBuildFile; fileRef = D95CF2672157796E001BEF1F /* App.swift */; };
		D95CF26A21577A9A001BEF1F /* UIColorExtensions.swift in Sources */ = {isa = PBXBuildFile; fileRef = D95CF26921577A9A001BEF1F /* UIColorExtensions.swift */; };
		D95CF26D215782E9001BEF1F /* PinButton.swift in Sources */ = {isa = PBXBuildFile; fileRef = D95CF26C215782E9001BEF1F /* PinButton.swift */; };
		D95CF273215825A4001BEF1F /* BaseViewController.swift in Sources */ = {isa = PBXBuildFile; fileRef = D95CF271215825A4001BEF1F /* BaseViewController.swift */; };
		D95F3FD8215435420039D714 /* Lato-Bold.ttf in Resources */ = {isa = PBXBuildFile; fileRef = D95F3FD7215435420039D714 /* Lato-Bold.ttf */; };
		D96483102162439400B2D880 /* CategoryViewModel.swift in Sources */ = {isa = PBXBuildFile; fileRef = D964830F2162439400B2D880 /* CategoryViewModel.swift */; };
		D964831B216287BE00B2D880 /* Constants.swift in Sources */ = {isa = PBXBuildFile; fileRef = D964831A216287BE00B2D880 /* Constants.swift */; };
		D96CE21421ADC8D10085664A /* TransactionDB.swift in Sources */ = {isa = PBXBuildFile; fileRef = D96CE21321ADC8D10085664A /* TransactionDB.swift */; };
		D96CE21721ADC9500085664A /* Category.swift in Sources */ = {isa = PBXBuildFile; fileRef = D96CE21621ADC9500085664A /* Category.swift */; };
		D96CE21A21ADCDD30085664A /* TransactionService.swift in Sources */ = {isa = PBXBuildFile; fileRef = D96CE21921ADCDD30085664A /* TransactionService.swift */; };
		D96CE21D21ADD2B80085664A /* TodayHistoryViewViewModel.swift in Sources */ = {isa = PBXBuildFile; fileRef = D96CE21C21ADD2B80085664A /* TodayHistoryViewViewModel.swift */; };
		D96CE21F21ADD3B40085664A /* TransactionViewModel.swift in Sources */ = {isa = PBXBuildFile; fileRef = D96CE21E21ADD3B40085664A /* TransactionViewModel.swift */; };
		D97A0FF821B9CE3C002BCA4C /* TransactionsHistoryListViewController.swift in Sources */ = {isa = PBXBuildFile; fileRef = D97A0FF721B9CE3C002BCA4C /* TransactionsHistoryListViewController.swift */; };
		D98E333621B2BAD2004C66C3 /* RegularButton.swift in Sources */ = {isa = PBXBuildFile; fileRef = D98E333521B2BAD2004C66C3 /* RegularButton.swift */; };
		D98E333A21B4528A004C66C3 /* EditTransactionViewController.swift in Sources */ = {isa = PBXBuildFile; fileRef = D98E333921B4528A004C66C3 /* EditTransactionViewController.swift */; };
		D98E333D21B454D4004C66C3 /* EditTransactionViewViewModel.swift in Sources */ = {isa = PBXBuildFile; fileRef = D98E333C21B454D4004C66C3 /* EditTransactionViewViewModel.swift */; };
		D98E334021B46B80004C66C3 /* RemoveButton.swift in Sources */ = {isa = PBXBuildFile; fileRef = D98E333F21B46B80004C66C3 /* RemoveButton.swift */; };
		D98E334421B46E41004C66C3 /* EditTransactionAmountView.swift in Sources */ = {isa = PBXBuildFile; fileRef = D98E334321B46E41004C66C3 /* EditTransactionAmountView.swift */; };
		D98E334621B46E56004C66C3 /* EditTransactionAmountView.xib in Resources */ = {isa = PBXBuildFile; fileRef = D98E334521B46E56004C66C3 /* EditTransactionAmountView.xib */; };
		D98E334921B470D0004C66C3 /* EditTransactionCategoryView.swift in Sources */ = {isa = PBXBuildFile; fileRef = D98E334821B470D0004C66C3 /* EditTransactionCategoryView.swift */; };
		D98E334B21B470DB004C66C3 /* EditTransactionCategoryView.xib in Resources */ = {isa = PBXBuildFile; fileRef = D98E334A21B470DB004C66C3 /* EditTransactionCategoryView.xib */; };
		D98E334E21B49D20004C66C3 /* EditTransactionDateView.swift in Sources */ = {isa = PBXBuildFile; fileRef = D98E334D21B49D20004C66C3 /* EditTransactionDateView.swift */; };
		D98E335021B49D29004C66C3 /* EditTransactionDateView.xib in Resources */ = {isa = PBXBuildFile; fileRef = D98E334F21B49D29004C66C3 /* EditTransactionDateView.xib */; };
		D98E335321B5471F004C66C3 /* CategoryFlow.storyboard in Resources */ = {isa = PBXBuildFile; fileRef = D98E335221B5471F004C66C3 /* CategoryFlow.storyboard */; };
		D98E335521B547C0004C66C3 /* ManageCategoriesViewController.swift in Sources */ = {isa = PBXBuildFile; fileRef = D98E335421B547C0004C66C3 /* ManageCategoriesViewController.swift */; };
		D98E335C21B54BC5004C66C3 /* ManagedCategoryTableViewCell.swift in Sources */ = {isa = PBXBuildFile; fileRef = D98E335A21B54BC5004C66C3 /* ManagedCategoryTableViewCell.swift */; };
		D98E335D21B54BC5004C66C3 /* ManagedCategoryTableViewCell.xib in Resources */ = {isa = PBXBuildFile; fileRef = D98E335B21B54BC5004C66C3 /* ManagedCategoryTableViewCell.xib */; };
		D98E336021B54ED4004C66C3 /* EyeSwitchView.swift in Sources */ = {isa = PBXBuildFile; fileRef = D98E335F21B54ED4004C66C3 /* EyeSwitchView.swift */; };
		D98E336321B56AAC004C66C3 /* ManageCategoriesViewViewModel.swift in Sources */ = {isa = PBXBuildFile; fileRef = D98E336221B56AAC004C66C3 /* ManageCategoriesViewViewModel.swift */; };
		D98E336521B58E06004C66C3 /* Settings.swift in Sources */ = {isa = PBXBuildFile; fileRef = D98E336421B58E06004C66C3 /* Settings.swift */; };
		D99F684021AA9C87005EC865 /* TodayHistoryViewController.swift in Sources */ = {isa = PBXBuildFile; fileRef = D99F683F21AA9C87005EC865 /* TodayHistoryViewController.swift */; };
		D99F684521AAA462005EC865 /* TodayHistoryTableViewCell.swift in Sources */ = {isa = PBXBuildFile; fileRef = D99F684321AAA462005EC865 /* TodayHistoryTableViewCell.swift */; };
		D99F684621AAA462005EC865 /* TodayHistoryTableViewCell.xib in Resources */ = {isa = PBXBuildFile; fileRef = D99F684421AAA462005EC865 /* TodayHistoryTableViewCell.xib */; };
		D99F684821AAB399005EC865 /* UITableViewExtenions.swift in Sources */ = {isa = PBXBuildFile; fileRef = D99F684721AAB399005EC865 /* UITableViewExtenions.swift */; };
		D99F684B21AABDAD005EC865 /* HistoryViewController.swift in Sources */ = {isa = PBXBuildFile; fileRef = D99F684A21AABDAD005EC865 /* HistoryViewController.swift */; };
		D99F684F21AAD56C005EC865 /* HistoryTopViewController.swift in Sources */ = {isa = PBXBuildFile; fileRef = D99F684E21AAD56C005EC865 /* HistoryTopViewController.swift */; };
		D99F685421AAD630005EC865 /* HistoryTopCollectionViewCell.swift in Sources */ = {isa = PBXBuildFile; fileRef = D99F685221AAD630005EC865 /* HistoryTopCollectionViewCell.swift */; };
		D99F685521AAD630005EC865 /* HistoryTopCollectionViewCell.xib in Resources */ = {isa = PBXBuildFile; fileRef = D99F685321AAD630005EC865 /* HistoryTopCollectionViewCell.xib */; };
		D99F685B21AB1DA2005EC865 /* CategoryService.swift in Sources */ = {isa = PBXBuildFile; fileRef = D99F685A21AB1DA2005EC865 /* CategoryService.swift */; };
		D99F685D21AB1E77005EC865 /* RealmBasedService.swift in Sources */ = {isa = PBXBuildFile; fileRef = D99F685C21AB1E77005EC865 /* RealmBasedService.swift */; };
		D99F686221AB1FEC005EC865 /* CategoryDB.swift in Sources */ = {isa = PBXBuildFile; fileRef = D99F686121AB1FEC005EC865 /* CategoryDB.swift */; };
		D99F686621AB2356005EC865 /* CategoriesFabric.swift in Sources */ = {isa = PBXBuildFile; fileRef = D99F686521AB2356005EC865 /* CategoriesFabric.swift */; };
		D9DB3B2121A94BB100D8BADC /* UIBarButtonItemFabric.swift in Sources */ = {isa = PBXBuildFile; fileRef = D9DB3B2021A94BB100D8BADC /* UIBarButtonItemFabric.swift */; };
		D9FC28F421623FBC00E57E1B /* Transaction.swift in Sources */ = {isa = PBXBuildFile; fileRef = D9FC28F321623FBC00E57E1B /* Transaction.swift */; };
		D9FD0E6C21AFC76500A77C8A /* CalendarExtensions.swift in Sources */ = {isa = PBXBuildFile; fileRef = D9FD0E6B21AFC76500A77C8A /* CalendarExtensions.swift */; };
		D9FD0E7021AFDA8300A77C8A /* HistoryFlow.storyboard in Resources */ = {isa = PBXBuildFile; fileRef = D9FD0E6F21AFDA8300A77C8A /* HistoryFlow.storyboard */; };
		D9FD0E7421AFDFC900A77C8A /* HistoryBottomViewController.swift in Sources */ = {isa = PBXBuildFile; fileRef = D9FD0E7321AFDFC900A77C8A /* HistoryBottomViewController.swift */; };
		D9FD0E7621AFE19600A77C8A /* HistoryViewViewModel.swift in Sources */ = {isa = PBXBuildFile; fileRef = D9FD0E7521AFE19600A77C8A /* HistoryViewViewModel.swift */; };
		D9FD0E7821AFE25000A77C8A /* HistorySortCategoryViewModel.swift in Sources */ = {isa = PBXBuildFile; fileRef = D9FD0E7721AFE25000A77C8A /* HistorySortCategoryViewModel.swift */; };
/* End PBXBuildFile section */

/* Begin PBXFileReference section */
		6CFAAB9EC7B78DE15D776C6B /* Pods-MoneyControl.release.xcconfig */ = {isa = PBXFileReference; includeInIndex = 1; lastKnownFileType = text.xcconfig; name = "Pods-MoneyControl.release.xcconfig"; path = "Pods/Target Support Files/Pods-MoneyControl/Pods-MoneyControl.release.xcconfig"; sourceTree = "<group>"; };
		BE97D8B7FB287C9B7A662C78 /* Pods_MoneyControl.framework */ = {isa = PBXFileReference; explicitFileType = wrapper.framework; includeInIndex = 0; path = Pods_MoneyControl.framework; sourceTree = BUILT_PRODUCTS_DIR; };
		D90EDB85214FD93900012383 /* MoneyControl.app */ = {isa = PBXFileReference; explicitFileType = wrapper.application; includeInIndex = 0; path = MoneyControl.app; sourceTree = BUILT_PRODUCTS_DIR; };
		D90EDB88214FD93900012383 /* AppDelegate.swift */ = {isa = PBXFileReference; lastKnownFileType = sourcecode.swift; path = AppDelegate.swift; sourceTree = "<group>"; };
		D90EDB92214FD93A00012383 /* Base */ = {isa = PBXFileReference; lastKnownFileType = file.storyboard; name = Base; path = Base.lproj/LaunchScreen.storyboard; sourceTree = "<group>"; };
		D90EDB94214FD93A00012383 /* Info.plist */ = {isa = PBXFileReference; lastKnownFileType = text.plist.xml; path = Info.plist; sourceTree = "<group>"; };
		D90EDB9A214FE53900012383 /* Assets.xcassets */ = {isa = PBXFileReference; lastKnownFileType = folder.assetcatalog; name = Assets.xcassets; path = "../../../Desktop/Upwork/Money control/Assets.xcassets"; sourceTree = "<group>"; };
		D911ECF821A7EFFB00C3A7B1 /* ActivityFlow.storyboard */ = {isa = PBXFileReference; lastKnownFileType = file.storyboard; path = ActivityFlow.storyboard; sourceTree = "<group>"; };
		D911ECFB21A7F7EB00C3A7B1 /* ActivityViewController.swift */ = {isa = PBXFileReference; lastKnownFileType = sourcecode.swift; path = ActivityViewController.swift; sourceTree = "<group>"; };
		D911ECFD21A7F9E400C3A7B1 /* AppLaunch.swift */ = {isa = PBXFileReference; lastKnownFileType = sourcecode.swift; path = AppLaunch.swift; sourceTree = "<group>"; };
		D911ECFF21A7FC5500C3A7B1 /* Router.swift */ = {isa = PBXFileReference; lastKnownFileType = sourcecode.swift; path = Router.swift; sourceTree = "<group>"; };
		D911ED0321A8025800C3A7B1 /* CheckButton.swift */ = {isa = PBXFileReference; lastKnownFileType = sourcecode.swift; path = CheckButton.swift; sourceTree = "<group>"; };
		D911ED0521A804FF00C3A7B1 /* Typealiases.swift */ = {isa = PBXFileReference; lastKnownFileType = sourcecode.swift; path = Typealiases.swift; sourceTree = "<group>"; };
		D920A09921562F8100ECA806 /* BottomPopupViewController.swift */ = {isa = PBXFileReference; lastKnownFileType = sourcecode.swift; path = BottomPopupViewController.swift; sourceTree = "<group>"; };
		D920A09A21562F8100ECA806 /* BottomPopupViewController.xib */ = {isa = PBXFileReference; lastKnownFileType = file.xib; path = BottomPopupViewController.xib; sourceTree = "<group>"; };
		D920A0A02156306A00ECA806 /* UIViewExtensions.swift */ = {isa = PBXFileReference; fileEncoding = 4; lastKnownFileType = sourcecode.swift; path = UIViewExtensions.swift; sourceTree = "<group>"; };
		D920A0A12156306A00ECA806 /* UIViewControllerExtensions.swift */ = {isa = PBXFileReference; fileEncoding = 4; lastKnownFileType = sourcecode.swift; path = UIViewControllerExtensions.swift; sourceTree = "<group>"; };
		D920A0A52156427300ECA806 /* UIWindowExtensions.swift */ = {isa = PBXFileReference; lastKnownFileType = sourcecode.swift; path = UIWindowExtensions.swift; sourceTree = "<group>"; };
		D922147F21A97DCB00A71CDB /* UICollectionViewExtensions.swift */ = {isa = PBXFileReference; lastKnownFileType = sourcecode.swift; path = UICollectionViewExtensions.swift; sourceTree = "<group>"; };
		D92295F521ADEF4E002AF881 /* ActivityViewViewModel.swift */ = {isa = PBXFileReference; lastKnownFileType = sourcecode.swift; path = ActivityViewViewModel.swift; sourceTree = "<group>"; };
		D92EEDF221A94F0E00A9C233 /* ActivityTopViewController.swift */ = {isa = PBXFileReference; lastKnownFileType = sourcecode.swift; path = ActivityTopViewController.swift; sourceTree = "<group>"; };
		D92EEDF521A94F4700A9C233 /* ActivityBottomViewController.swift */ = {isa = PBXFileReference; lastKnownFileType = sourcecode.swift; path = ActivityBottomViewController.swift; sourceTree = "<group>"; };
		D92EEDF821A9515A00A9C233 /* CategoryCollectionViewCell.swift */ = {isa = PBXFileReference; lastKnownFileType = sourcecode.swift; path = CategoryCollectionViewCell.swift; sourceTree = "<group>"; };
		D92EEDFA21A9518100A9C233 /* CategoryCollectionViewCell.xib */ = {isa = PBXFileReference; lastKnownFileType = file.xib; path = CategoryCollectionViewCell.xib; sourceTree = "<group>"; };
		D94ADB2B21B186A700D94F0F /* EmptyView.swift */ = {isa = PBXFileReference; lastKnownFileType = sourcecode.swift; path = EmptyView.swift; sourceTree = "<group>"; };
		D94ADB2D21B1887700D94F0F /* EmptyView.xib */ = {isa = PBXFileReference; lastKnownFileType = file.xib; path = EmptyView.xib; sourceTree = "<group>"; };
		D95CF25C2156523D001BEF1F /* LockViewController.swift */ = {isa = PBXFileReference; lastKnownFileType = sourcecode.swift; path = LockViewController.swift; sourceTree = "<group>"; };
		D95CF25D2156523D001BEF1F /* LockViewController.xib */ = {isa = PBXFileReference; lastKnownFileType = file.xib; path = LockViewController.xib; sourceTree = "<group>"; };
		D95CF260215775F8001BEF1F /* Lato-Light.ttf */ = {isa = PBXFileReference; lastKnownFileType = file; path = "Lato-Light.ttf"; sourceTree = "<group>"; };
		D95CF26421577826001BEF1F /* PinCircleView.swift */ = {isa = PBXFileReference; lastKnownFileType = sourcecode.swift; path = PinCircleView.swift; sourceTree = "<group>"; };
		D95CF2672157796E001BEF1F /* App.swift */ = {isa = PBXFileReference; lastKnownFileType = sourcecode.swift; path = App.swift; sourceTree = "<group>"; };
		D95CF26921577A9A001BEF1F /* UIColorExtensions.swift */ = {isa = PBXFileReference; lastKnownFileType = sourcecode.swift; path = UIColorExtensions.swift; sourceTree = "<group>"; };
		D95CF26C215782E9001BEF1F /* PinButton.swift */ = {isa = PBXFileReference; lastKnownFileType = sourcecode.swift; path = PinButton.swift; sourceTree = "<group>"; };
		D95CF271215825A4001BEF1F /* BaseViewController.swift */ = {isa = PBXFileReference; lastKnownFileType = sourcecode.swift; path = BaseViewController.swift; sourceTree = "<group>"; };
		D95F3FD7215435420039D714 /* Lato-Bold.ttf */ = {isa = PBXFileReference; lastKnownFileType = file; path = "Lato-Bold.ttf"; sourceTree = "<group>"; };
		D964830F2162439400B2D880 /* CategoryViewModel.swift */ = {isa = PBXFileReference; lastKnownFileType = sourcecode.swift; path = CategoryViewModel.swift; sourceTree = "<group>"; };
		D964831A216287BE00B2D880 /* Constants.swift */ = {isa = PBXFileReference; lastKnownFileType = sourcecode.swift; path = Constants.swift; sourceTree = "<group>"; };
		D96CE21321ADC8D10085664A /* TransactionDB.swift */ = {isa = PBXFileReference; lastKnownFileType = sourcecode.swift; path = TransactionDB.swift; sourceTree = "<group>"; };
		D96CE21621ADC9500085664A /* Category.swift */ = {isa = PBXFileReference; lastKnownFileType = sourcecode.swift; path = Category.swift; sourceTree = "<group>"; };
		D96CE21921ADCDD30085664A /* TransactionService.swift */ = {isa = PBXFileReference; lastKnownFileType = sourcecode.swift; path = TransactionService.swift; sourceTree = "<group>"; };
		D96CE21C21ADD2B80085664A /* TodayHistoryViewViewModel.swift */ = {isa = PBXFileReference; lastKnownFileType = sourcecode.swift; path = TodayHistoryViewViewModel.swift; sourceTree = "<group>"; };
		D96CE21E21ADD3B40085664A /* TransactionViewModel.swift */ = {isa = PBXFileReference; lastKnownFileType = sourcecode.swift; path = TransactionViewModel.swift; sourceTree = "<group>"; };
		D97A0FF721B9CE3C002BCA4C /* TransactionsHistoryListViewController.swift */ = {isa = PBXFileReference; lastKnownFileType = sourcecode.swift; path = TransactionsHistoryListViewController.swift; sourceTree = "<group>"; };
		D98E333521B2BAD2004C66C3 /* RegularButton.swift */ = {isa = PBXFileReference; lastKnownFileType = sourcecode.swift; path = RegularButton.swift; sourceTree = "<group>"; };
		D98E333921B4528A004C66C3 /* EditTransactionViewController.swift */ = {isa = PBXFileReference; lastKnownFileType = sourcecode.swift; path = EditTransactionViewController.swift; sourceTree = "<group>"; };
		D98E333C21B454D4004C66C3 /* EditTransactionViewViewModel.swift */ = {isa = PBXFileReference; lastKnownFileType = sourcecode.swift; path = EditTransactionViewViewModel.swift; sourceTree = "<group>"; };
		D98E333F21B46B80004C66C3 /* RemoveButton.swift */ = {isa = PBXFileReference; lastKnownFileType = sourcecode.swift; path = RemoveButton.swift; sourceTree = "<group>"; };
		D98E334321B46E41004C66C3 /* EditTransactionAmountView.swift */ = {isa = PBXFileReference; lastKnownFileType = sourcecode.swift; path = EditTransactionAmountView.swift; sourceTree = "<group>"; };
		D98E334521B46E56004C66C3 /* EditTransactionAmountView.xib */ = {isa = PBXFileReference; lastKnownFileType = file.xib; path = EditTransactionAmountView.xib; sourceTree = "<group>"; };
		D98E334821B470D0004C66C3 /* EditTransactionCategoryView.swift */ = {isa = PBXFileReference; lastKnownFileType = sourcecode.swift; path = EditTransactionCategoryView.swift; sourceTree = "<group>"; };
		D98E334A21B470DB004C66C3 /* EditTransactionCategoryView.xib */ = {isa = PBXFileReference; lastKnownFileType = file.xib; path = EditTransactionCategoryView.xib; sourceTree = "<group>"; };
		D98E334D21B49D20004C66C3 /* EditTransactionDateView.swift */ = {isa = PBXFileReference; lastKnownFileType = sourcecode.swift; path = EditTransactionDateView.swift; sourceTree = "<group>"; };
		D98E334F21B49D29004C66C3 /* EditTransactionDateView.xib */ = {isa = PBXFileReference; lastKnownFileType = file.xib; path = EditTransactionDateView.xib; sourceTree = "<group>"; };
		D98E335221B5471F004C66C3 /* CategoryFlow.storyboard */ = {isa = PBXFileReference; lastKnownFileType = file.storyboard; path = CategoryFlow.storyboard; sourceTree = "<group>"; };
		D98E335421B547C0004C66C3 /* ManageCategoriesViewController.swift */ = {isa = PBXFileReference; lastKnownFileType = sourcecode.swift; path = ManageCategoriesViewController.swift; sourceTree = "<group>"; };
		D98E335A21B54BC5004C66C3 /* ManagedCategoryTableViewCell.swift */ = {isa = PBXFileReference; lastKnownFileType = sourcecode.swift; path = ManagedCategoryTableViewCell.swift; sourceTree = "<group>"; };
		D98E335B21B54BC5004C66C3 /* ManagedCategoryTableViewCell.xib */ = {isa = PBXFileReference; lastKnownFileType = file.xib; path = ManagedCategoryTableViewCell.xib; sourceTree = "<group>"; };
		D98E335F21B54ED4004C66C3 /* EyeSwitchView.swift */ = {isa = PBXFileReference; lastKnownFileType = sourcecode.swift; path = EyeSwitchView.swift; sourceTree = "<group>"; };
		D98E336221B56AAC004C66C3 /* ManageCategoriesViewViewModel.swift */ = {isa = PBXFileReference; lastKnownFileType = sourcecode.swift; path = ManageCategoriesViewViewModel.swift; sourceTree = "<group>"; };
		D98E336421B58E06004C66C3 /* Settings.swift */ = {isa = PBXFileReference; lastKnownFileType = sourcecode.swift; path = Settings.swift; sourceTree = "<group>"; };
		D99F683F21AA9C87005EC865 /* TodayHistoryViewController.swift */ = {isa = PBXFileReference; lastKnownFileType = sourcecode.swift; path = TodayHistoryViewController.swift; sourceTree = "<group>"; };
		D99F684321AAA462005EC865 /* TodayHistoryTableViewCell.swift */ = {isa = PBXFileReference; lastKnownFileType = sourcecode.swift; path = TodayHistoryTableViewCell.swift; sourceTree = "<group>"; };
		D99F684421AAA462005EC865 /* TodayHistoryTableViewCell.xib */ = {isa = PBXFileReference; lastKnownFileType = file.xib; path = TodayHistoryTableViewCell.xib; sourceTree = "<group>"; };
		D99F684721AAB399005EC865 /* UITableViewExtenions.swift */ = {isa = PBXFileReference; lastKnownFileType = sourcecode.swift; path = UITableViewExtenions.swift; sourceTree = "<group>"; };
		D99F684A21AABDAD005EC865 /* HistoryViewController.swift */ = {isa = PBXFileReference; lastKnownFileType = sourcecode.swift; path = HistoryViewController.swift; sourceTree = "<group>"; };
		D99F684E21AAD56C005EC865 /* HistoryTopViewController.swift */ = {isa = PBXFileReference; lastKnownFileType = sourcecode.swift; path = HistoryTopViewController.swift; sourceTree = "<group>"; };
		D99F685221AAD630005EC865 /* HistoryTopCollectionViewCell.swift */ = {isa = PBXFileReference; lastKnownFileType = sourcecode.swift; path = HistoryTopCollectionViewCell.swift; sourceTree = "<group>"; };
		D99F685321AAD630005EC865 /* HistoryTopCollectionViewCell.xib */ = {isa = PBXFileReference; lastKnownFileType = file.xib; path = HistoryTopCollectionViewCell.xib; sourceTree = "<group>"; };
		D99F685A21AB1DA2005EC865 /* CategoryService.swift */ = {isa = PBXFileReference; lastKnownFileType = sourcecode.swift; path = CategoryService.swift; sourceTree = "<group>"; };
		D99F685C21AB1E77005EC865 /* RealmBasedService.swift */ = {isa = PBXFileReference; lastKnownFileType = sourcecode.swift; path = RealmBasedService.swift; sourceTree = "<group>"; };
		D99F686121AB1FEC005EC865 /* CategoryDB.swift */ = {isa = PBXFileReference; lastKnownFileType = sourcecode.swift; path = CategoryDB.swift; sourceTree = "<group>"; };
		D99F686521AB2356005EC865 /* CategoriesFabric.swift */ = {isa = PBXFileReference; lastKnownFileType = sourcecode.swift; path = CategoriesFabric.swift; sourceTree = "<group>"; };
		D9DB3B2021A94BB100D8BADC /* UIBarButtonItemFabric.swift */ = {isa = PBXFileReference; lastKnownFileType = sourcecode.swift; path = UIBarButtonItemFabric.swift; sourceTree = "<group>"; };
		D9FC28F321623FBC00E57E1B /* Transaction.swift */ = {isa = PBXFileReference; lastKnownFileType = sourcecode.swift; path = Transaction.swift; sourceTree = "<group>"; };
		D9FD0E6B21AFC76500A77C8A /* CalendarExtensions.swift */ = {isa = PBXFileReference; lastKnownFileType = sourcecode.swift; path = CalendarExtensions.swift; sourceTree = "<group>"; };
		D9FD0E6F21AFDA8300A77C8A /* HistoryFlow.storyboard */ = {isa = PBXFileReference; lastKnownFileType = file.storyboard; path = HistoryFlow.storyboard; sourceTree = "<group>"; };
		D9FD0E7321AFDFC900A77C8A /* HistoryBottomViewController.swift */ = {isa = PBXFileReference; lastKnownFileType = sourcecode.swift; path = HistoryBottomViewController.swift; sourceTree = "<group>"; };
		D9FD0E7521AFE19600A77C8A /* HistoryViewViewModel.swift */ = {isa = PBXFileReference; lastKnownFileType = sourcecode.swift; path = HistoryViewViewModel.swift; sourceTree = "<group>"; };
		D9FD0E7721AFE25000A77C8A /* HistorySortCategoryViewModel.swift */ = {isa = PBXFileReference; lastKnownFileType = sourcecode.swift; path = HistorySortCategoryViewModel.swift; sourceTree = "<group>"; };
		F26E5E653816776DDD2835F9 /* Pods-MoneyControl.debug.xcconfig */ = {isa = PBXFileReference; includeInIndex = 1; lastKnownFileType = text.xcconfig; name = "Pods-MoneyControl.debug.xcconfig"; path = "Pods/Target Support Files/Pods-MoneyControl/Pods-MoneyControl.debug.xcconfig"; sourceTree = "<group>"; };
/* End PBXFileReference section */

/* Begin PBXFrameworksBuildPhase section */
		D90EDB82214FD93900012383 /* Frameworks */ = {
			isa = PBXFrameworksBuildPhase;
			buildActionMask = 2147483647;
			files = (
				874C9214D46A2969E42A48B2 /* Pods_MoneyControl.framework in Frameworks */,
			);
			runOnlyForDeploymentPostprocessing = 0;
		};
/* End PBXFrameworksBuildPhase section */

/* Begin PBXGroup section */
		1CAC83439B05DDC1CF2AAE14 /* Pods */ = {
			isa = PBXGroup;
			children = (
				F26E5E653816776DDD2835F9 /* Pods-MoneyControl.debug.xcconfig */,
				6CFAAB9EC7B78DE15D776C6B /* Pods-MoneyControl.release.xcconfig */,
			);
			name = Pods;
			sourceTree = "<group>";
		};
		AA5A7890D2781D85B9F16BB4 /* Frameworks */ = {
			isa = PBXGroup;
			children = (
				BE97D8B7FB287C9B7A662C78 /* Pods_MoneyControl.framework */,
			);
			name = Frameworks;
			sourceTree = "<group>";
		};
		D90EDB7C214FD93900012383 = {
			isa = PBXGroup;
			children = (
				D90EDB87214FD93900012383 /* MoneyControl */,
				D90EDB86214FD93900012383 /* Products */,
				1CAC83439B05DDC1CF2AAE14 /* Pods */,
				AA5A7890D2781D85B9F16BB4 /* Frameworks */,
			);
			sourceTree = "<group>";
		};
		D90EDB86214FD93900012383 /* Products */ = {
			isa = PBXGroup;
			children = (
				D90EDB85214FD93900012383 /* MoneyControl.app */,
			);
			name = Products;
			sourceTree = "<group>";
		};
		D90EDB87214FD93900012383 /* MoneyControl */ = {
			isa = PBXGroup;
			children = (
				D99F686321AB233B005EC865 /* Helpers */,
				D99F685821AB1C24005EC865 /* Services */,
				D9FC28EF21623F5100E57E1B /* Models */,
				D95CF2662157795B001BEF1F /* Configuration */,
				D920A09521562F1900ECA806 /* Kit */,
				D95F3FD6215434FA0039D714 /* Fonts */,
				D95CF26F21582554001BEF1F /* Controllers */,
				D911ECF721A7EF1900C3A7B1 /* Storyboards */,
				D90EDB88214FD93900012383 /* AppDelegate.swift */,
				D90EDB9A214FE53900012383 /* Assets.xcassets */,
				D90EDB91214FD93A00012383 /* LaunchScreen.storyboard */,
				D90EDB94214FD93A00012383 /* Info.plist */,
			);
			path = MoneyControl;
			sourceTree = "<group>";
		};
		D911ECF721A7EF1900C3A7B1 /* Storyboards */ = {
			isa = PBXGroup;
			children = (
				D911ECF821A7EFFB00C3A7B1 /* ActivityFlow.storyboard */,
				D9FD0E6F21AFDA8300A77C8A /* HistoryFlow.storyboard */,
				D98E335221B5471F004C66C3 /* CategoryFlow.storyboard */,
			);
			path = Storyboards;
			sourceTree = "<group>";
		};
		D911ECFA21A7F7B700C3A7B1 /* ActivityViewController */ = {
			isa = PBXGroup;
			children = (
				D92EEDF021A94EC900A9C233 /* InternalControllers */,
				D92295F421ADEF16002AF881 /* ViewModels */,
				D911ECFB21A7F7EB00C3A7B1 /* ActivityViewController.swift */,
			);
			path = ActivityViewController;
			sourceTree = "<group>";
		};
		D911ED0121A801D500C3A7B1 /* Buttons */ = {
			isa = PBXGroup;
			children = (
				D98E335E21B54EA3004C66C3 /* EyeSwitchView */,
				D98E333E21B46B69004C66C3 /* RemoveButton */,
				D98E333421B2BAB2004C66C3 /* RegularButton */,
				D911ED0221A801DB00C3A7B1 /* CheckButton */,
			);
			path = Buttons;
			sourceTree = "<group>";
		};
		D911ED0221A801DB00C3A7B1 /* CheckButton */ = {
			isa = PBXGroup;
			children = (
				D911ED0321A8025800C3A7B1 /* CheckButton.swift */,
			);
			path = CheckButton;
			sourceTree = "<group>";
		};
		D920A09521562F1900ECA806 /* Kit */ = {
			isa = PBXGroup;
			children = (
				D9DB3B1F21A94BA000D8BADC /* Helpers */,
				D920A09F2156303800ECA806 /* Extensions */,
				D920A09621562F2F00ECA806 /* UI */,
			);
			path = Kit;
			sourceTree = "<group>";
		};
		D920A09621562F2F00ECA806 /* UI */ = {
			isa = PBXGroup;
			children = (
				D92EEDF721A9514300A9C233 /* Cells */,
				D911ED0121A801D500C3A7B1 /* Buttons */,
				D95CF26221577803001BEF1F /* View's */,
				D95CF25A21565212001BEF1F /* Screens */,
				D920A09721562F3400ECA806 /* Popup's */,
			);
			path = UI;
			sourceTree = "<group>";
		};
		D920A09721562F3400ECA806 /* Popup's */ = {
			isa = PBXGroup;
			children = (
				D920A09821562F5A00ECA806 /* BottomPopupViewController */,
			);
			path = "Popup's";
			sourceTree = "<group>";
		};
		D920A09821562F5A00ECA806 /* BottomPopupViewController */ = {
			isa = PBXGroup;
			children = (
				D920A09921562F8100ECA806 /* BottomPopupViewController.swift */,
				D920A09A21562F8100ECA806 /* BottomPopupViewController.xib */,
			);
			path = BottomPopupViewController;
			sourceTree = "<group>";
		};
		D920A09F2156303800ECA806 /* Extensions */ = {
			isa = PBXGroup;
			children = (
				D920A0A12156306A00ECA806 /* UIViewControllerExtensions.swift */,
				D920A0A02156306A00ECA806 /* UIViewExtensions.swift */,
				D920A0A52156427300ECA806 /* UIWindowExtensions.swift */,
				D95CF26921577A9A001BEF1F /* UIColorExtensions.swift */,
				D922147F21A97DCB00A71CDB /* UICollectionViewExtensions.swift */,
				D99F684721AAB399005EC865 /* UITableViewExtenions.swift */,
				D9FD0E6B21AFC76500A77C8A /* CalendarExtensions.swift */,
			);
			path = Extensions;
			sourceTree = "<group>";
		};
		D92295F421ADEF16002AF881 /* ViewModels */ = {
			isa = PBXGroup;
			children = (
				D92295F521ADEF4E002AF881 /* ActivityViewViewModel.swift */,
			);
			path = ViewModels;
			sourceTree = "<group>";
		};
		D92EEDF021A94EC900A9C233 /* InternalControllers */ = {
			isa = PBXGroup;
			children = (
				D92EEDF121A94EF900A9C233 /* ActivityTopViewController */,
				D92EEDF421A94F3200A9C233 /* ActivityBottomViewController */,
			);
			path = InternalControllers;
			sourceTree = "<group>";
		};
		D92EEDF121A94EF900A9C233 /* ActivityTopViewController */ = {
			isa = PBXGroup;
			children = (
				D92EEDF221A94F0E00A9C233 /* ActivityTopViewController.swift */,
			);
			path = ActivityTopViewController;
			sourceTree = "<group>";
		};
		D92EEDF421A94F3200A9C233 /* ActivityBottomViewController */ = {
			isa = PBXGroup;
			children = (
				D92EEDF521A94F4700A9C233 /* ActivityBottomViewController.swift */,
			);
			path = ActivityBottomViewController;
			sourceTree = "<group>";
		};
		D92EEDF721A9514300A9C233 /* Cells */ = {
			isa = PBXGroup;
			children = (
				D92EEDFC21A9518600A9C233 /* CategoryCollectionViewCell */,
			);
			path = Cells;
			sourceTree = "<group>";
		};
		D92EEDFC21A9518600A9C233 /* CategoryCollectionViewCell */ = {
			isa = PBXGroup;
			children = (
				D92EEDF821A9515A00A9C233 /* CategoryCollectionViewCell.swift */,
				D92EEDFA21A9518100A9C233 /* CategoryCollectionViewCell.xib */,
			);
			path = CategoryCollectionViewCell;
			sourceTree = "<group>";
		};
		D94ADB2A21B1868D00D94F0F /* EmptyView */ = {
			isa = PBXGroup;
			children = (
				D94ADB2B21B186A700D94F0F /* EmptyView.swift */,
				D94ADB2D21B1887700D94F0F /* EmptyView.xib */,
			);
			path = EmptyView;
			sourceTree = "<group>";
		};
		D95CF25A21565212001BEF1F /* Screens */ = {
			isa = PBXGroup;
			children = (
				D95CF25B21565219001BEF1F /* LockViewController */,
			);
			path = Screens;
			sourceTree = "<group>";
		};
		D95CF25B21565219001BEF1F /* LockViewController */ = {
			isa = PBXGroup;
			children = (
				D95CF25C2156523D001BEF1F /* LockViewController.swift */,
				D95CF25D2156523D001BEF1F /* LockViewController.xib */,
			);
			path = LockViewController;
			sourceTree = "<group>";
		};
		D95CF26221577803001BEF1F /* View's */ = {
			isa = PBXGroup;
			children = (
				D94ADB2A21B1868D00D94F0F /* EmptyView */,
				D95CF26B215782D5001BEF1F /* PinButton */,
				D95CF26321577809001BEF1F /* PinCircleView */,
			);
			path = "View's";
			sourceTree = "<group>";
		};
		D95CF26321577809001BEF1F /* PinCircleView */ = {
			isa = PBXGroup;
			children = (
				D95CF26421577826001BEF1F /* PinCircleView.swift */,
			);
			path = PinCircleView;
			sourceTree = "<group>";
		};
		D95CF2662157795B001BEF1F /* Configuration */ = {
			isa = PBXGroup;
			children = (
				D95CF2672157796E001BEF1F /* App.swift */,
				D98E336421B58E06004C66C3 /* Settings.swift */,
				D964831A216287BE00B2D880 /* Constants.swift */,
				D911ECFD21A7F9E400C3A7B1 /* AppLaunch.swift */,
				D911ECFF21A7FC5500C3A7B1 /* Router.swift */,
				D911ED0521A804FF00C3A7B1 /* Typealiases.swift */,
			);
			path = Configuration;
			sourceTree = "<group>";
		};
		D95CF26B215782D5001BEF1F /* PinButton */ = {
			isa = PBXGroup;
			children = (
				D95CF26C215782E9001BEF1F /* PinButton.swift */,
			);
			path = PinButton;
			sourceTree = "<group>";
		};
		D95CF26F21582554001BEF1F /* Controllers */ = {
			isa = PBXGroup;
			children = (
				D95CF27021582562001BEF1F /* BaseViewController */,
				D9FD0E6E21AFDA6700A77C8A /* HistoryFlow */,
				D9FD0E6D21AFDA5A00A77C8A /* ActivityFlow */,
				D98E335121B546B5004C66C3 /* CategoryFlow */,
			);
			path = Controllers;
			sourceTree = "<group>";
		};
		D95CF27021582562001BEF1F /* BaseViewController */ = {
			isa = PBXGroup;
			children = (
				D95CF271215825A4001BEF1F /* BaseViewController.swift */,
			);
			path = BaseViewController;
			sourceTree = "<group>";
		};
		D95F3FD6215434FA0039D714 /* Fonts */ = {
			isa = PBXGroup;
			children = (
				D95CF260215775F8001BEF1F /* Lato-Light.ttf */,
				D95F3FD7215435420039D714 /* Lato-Bold.ttf */,
			);
			path = Fonts;
			sourceTree = "<group>";
		};
		D96CE21521ADC9370085664A /* Category */ = {
			isa = PBXGroup;
			children = (
				D96CE21621ADC9500085664A /* Category.swift */,
			);
			path = Category;
			sourceTree = "<group>";
		};
		D96CE21821ADCDBF0085664A /* TransactionService */ = {
			isa = PBXGroup;
			children = (
				D96CE21921ADCDD30085664A /* TransactionService.swift */,
			);
			path = TransactionService;
			sourceTree = "<group>";
		};
		D96CE21B21ADD29C0085664A /* ViewModels */ = {
			isa = PBXGroup;
			children = (
				D96CE21C21ADD2B80085664A /* TodayHistoryViewViewModel.swift */,
			);
			path = ViewModels;
			sourceTree = "<group>";
		};
		D97A0FF621B9CE20002BCA4C /* TransactionsHistoryListViewController */ = {
			isa = PBXGroup;
			children = (
				D97A0FF721B9CE3C002BCA4C /* TransactionsHistoryListViewController.swift */,
			);
			path = TransactionsHistoryListViewController;
			sourceTree = "<group>";
		};
		D98E333421B2BAB2004C66C3 /* RegularButton */ = {
			isa = PBXGroup;
			children = (
				D98E333521B2BAD2004C66C3 /* RegularButton.swift */,
			);
			path = RegularButton;
			sourceTree = "<group>";
		};
		D98E333821B4523B004C66C3 /* EditTransactionViewController */ = {
			isa = PBXGroup;
			children = (
				D98E334121B46E23004C66C3 /* Views */,
				D98E333B21B454A5004C66C3 /* ViewModels */,
				D98E333921B4528A004C66C3 /* EditTransactionViewController.swift */,
			);
			path = EditTransactionViewController;
			sourceTree = "<group>";
		};
		D98E333B21B454A5004C66C3 /* ViewModels */ = {
			isa = PBXGroup;
			children = (
				D98E333C21B454D4004C66C3 /* EditTransactionViewViewModel.swift */,
			);
			path = ViewModels;
			sourceTree = "<group>";
		};
		D98E333E21B46B69004C66C3 /* RemoveButton */ = {
			isa = PBXGroup;
			children = (
				D98E333F21B46B80004C66C3 /* RemoveButton.swift */,
			);
			path = RemoveButton;
			sourceTree = "<group>";
		};
		D98E334121B46E23004C66C3 /* Views */ = {
			isa = PBXGroup;
			children = (
				D98E334C21B49D0F004C66C3 /* EditTransactionDateView */,
				D98E334721B470BE004C66C3 /* EditTransactionCategoryView */,
				D98E334221B46E30004C66C3 /* EditTransactionAmountView */,
			);
			path = Views;
			sourceTree = "<group>";
		};
		D98E334221B46E30004C66C3 /* EditTransactionAmountView */ = {
			isa = PBXGroup;
			children = (
				D98E334321B46E41004C66C3 /* EditTransactionAmountView.swift */,
				D98E334521B46E56004C66C3 /* EditTransactionAmountView.xib */,
			);
			path = EditTransactionAmountView;
			sourceTree = "<group>";
		};
		D98E334721B470BE004C66C3 /* EditTransactionCategoryView */ = {
			isa = PBXGroup;
			children = (
				D98E334821B470D0004C66C3 /* EditTransactionCategoryView.swift */,
				D98E334A21B470DB004C66C3 /* EditTransactionCategoryView.xib */,
			);
			path = EditTransactionCategoryView;
			sourceTree = "<group>";
		};
		D98E334C21B49D0F004C66C3 /* EditTransactionDateView */ = {
			isa = PBXGroup;
			children = (
				D98E334D21B49D20004C66C3 /* EditTransactionDateView.swift */,
				D98E334F21B49D29004C66C3 /* EditTransactionDateView.xib */,
			);
			path = EditTransactionDateView;
			sourceTree = "<group>";
		};
		D98E335121B546B5004C66C3 /* CategoryFlow */ = {
			isa = PBXGroup;
			children = (
				D98E335621B547C3004C66C3 /* ManageCategoriesViewController */,
			);
			path = CategoryFlow;
			sourceTree = "<group>";
		};
		D98E335621B547C3004C66C3 /* ManageCategoriesViewController */ = {
			isa = PBXGroup;
			children = (
				D98E336121B56A8C004C66C3 /* ViewModels */,
				D98E335721B54B8C004C66C3 /* Views */,
				D98E335421B547C0004C66C3 /* ManageCategoriesViewController.swift */,
			);
			path = ManageCategoriesViewController;
			sourceTree = "<group>";
		};
		D98E335721B54B8C004C66C3 /* Views */ = {
			isa = PBXGroup;
			children = (
				D98E335821B54B92004C66C3 /* Cells */,
			);
			path = Views;
			sourceTree = "<group>";
		};
		D98E335821B54B92004C66C3 /* Cells */ = {
			isa = PBXGroup;
			children = (
				D98E335921B54BAB004C66C3 /* ManagedCategoryTableViewCell */,
			);
			path = Cells;
			sourceTree = "<group>";
		};
		D98E335921B54BAB004C66C3 /* ManagedCategoryTableViewCell */ = {
			isa = PBXGroup;
			children = (
				D98E335A21B54BC5004C66C3 /* ManagedCategoryTableViewCell.swift */,
				D98E335B21B54BC5004C66C3 /* ManagedCategoryTableViewCell.xib */,
			);
			path = ManagedCategoryTableViewCell;
			sourceTree = "<group>";
		};
		D98E335E21B54EA3004C66C3 /* EyeSwitchView */ = {
			isa = PBXGroup;
			children = (
				D98E335F21B54ED4004C66C3 /* EyeSwitchView.swift */,
			);
			path = EyeSwitchView;
			sourceTree = "<group>";
		};
		D98E336121B56A8C004C66C3 /* ViewModels */ = {
			isa = PBXGroup;
			children = (
				D98E336221B56AAC004C66C3 /* ManageCategoriesViewViewModel.swift */,
			);
			path = ViewModels;
			sourceTree = "<group>";
		};
		D99F683E21AA9C70005EC865 /* TodayHistoryViewController */ = {
			isa = PBXGroup;
			children = (
				D96CE21B21ADD29C0085664A /* ViewModels */,
				D99F684121AAA438005EC865 /* Cells */,
				D99F683F21AA9C87005EC865 /* TodayHistoryViewController.swift */,
			);
			path = TodayHistoryViewController;
			sourceTree = "<group>";
		};
		D99F684121AAA438005EC865 /* Cells */ = {
			isa = PBXGroup;
			children = (
				D99F684221AAA449005EC865 /* TodayHistoryTableViewCell */,
			);
			path = Cells;
			sourceTree = "<group>";
		};
		D99F684221AAA449005EC865 /* TodayHistoryTableViewCell */ = {
			isa = PBXGroup;
			children = (
				D99F684321AAA462005EC865 /* TodayHistoryTableViewCell.swift */,
				D99F684421AAA462005EC865 /* TodayHistoryTableViewCell.xib */,
			);
			path = TodayHistoryTableViewCell;
			sourceTree = "<group>";
		};
		D99F684921AABD96005EC865 /* HistoryViewController */ = {
			isa = PBXGroup;
			children = (
				D99F684C21AAD538005EC865 /* InternalControllers */,
				D9FD0E7121AFDF2200A77C8A /* ViewModels */,
				D99F684A21AABDAD005EC865 /* HistoryViewController.swift */,
			);
			path = HistoryViewController;
			sourceTree = "<group>";
		};
		D99F684C21AAD538005EC865 /* InternalControllers */ = {
			isa = PBXGroup;
			children = (
				D99F684D21AAD559005EC865 /* HistoryTopViewController */,
				D9FD0E7221AFDFB400A77C8A /* HistoryBottomViewController */,
			);
			path = InternalControllers;
			sourceTree = "<group>";
		};
		D99F684D21AAD559005EC865 /* HistoryTopViewController */ = {
			isa = PBXGroup;
			children = (
				D99F685021AAD5DF005EC865 /* Cells */,
				D99F684E21AAD56C005EC865 /* HistoryTopViewController.swift */,
			);
			path = HistoryTopViewController;
			sourceTree = "<group>";
		};
		D99F685021AAD5DF005EC865 /* Cells */ = {
			isa = PBXGroup;
			children = (
				D99F685121AAD615005EC865 /* HistoryTopCollectionViewCell */,
			);
			path = Cells;
			sourceTree = "<group>";
		};
		D99F685121AAD615005EC865 /* HistoryTopCollectionViewCell */ = {
			isa = PBXGroup;
			children = (
				D99F685221AAD630005EC865 /* HistoryTopCollectionViewCell.swift */,
				D99F685321AAD630005EC865 /* HistoryTopCollectionViewCell.xib */,
			);
			path = HistoryTopCollectionViewCell;
			sourceTree = "<group>";
		};
		D99F685621AB1C19005EC865 /* ViewModels */ = {
			isa = PBXGroup;
			children = (
				D964830F2162439400B2D880 /* CategoryViewModel.swift */,
				D96CE21E21ADD3B40085664A /* TransactionViewModel.swift */,
			);
			path = ViewModels;
			sourceTree = "<group>";
		};
		D99F685821AB1C24005EC865 /* Services */ = {
			isa = PBXGroup;
			children = (
				D99F685C21AB1E77005EC865 /* RealmBasedService.swift */,
				D99F685921AB1D8C005EC865 /* CategoryService */,
				D96CE21821ADCDBF0085664A /* TransactionService */,
			);
			path = Services;
			sourceTree = "<group>";
		};
		D99F685921AB1D8C005EC865 /* CategoryService */ = {
			isa = PBXGroup;
			children = (
				D99F685A21AB1DA2005EC865 /* CategoryService.swift */,
			);
			path = CategoryService;
			sourceTree = "<group>";
		};
		D99F686021AB1FE1005EC865 /* DB */ = {
			isa = PBXGroup;
			children = (
				D99F686121AB1FEC005EC865 /* CategoryDB.swift */,
				D96CE21321ADC8D10085664A /* TransactionDB.swift */,
			);
			path = DB;
			sourceTree = "<group>";
		};
		D99F686321AB233B005EC865 /* Helpers */ = {
			isa = PBXGroup;
			children = (
				D99F686421AB2343005EC865 /* Fabrics */,
			);
			path = Helpers;
			sourceTree = "<group>";
		};
		D99F686421AB2343005EC865 /* Fabrics */ = {
			isa = PBXGroup;
			children = (
				D99F686521AB2356005EC865 /* CategoriesFabric.swift */,
			);
			path = Fabrics;
			sourceTree = "<group>";
		};
		D9DB3B1F21A94BA000D8BADC /* Helpers */ = {
			isa = PBXGroup;
			children = (
				D9DB3B2021A94BB100D8BADC /* UIBarButtonItemFabric.swift */,
			);
			path = Helpers;
			sourceTree = "<group>";
		};
		D9FC28EF21623F5100E57E1B /* Models */ = {
			isa = PBXGroup;
			children = (
				D99F686021AB1FE1005EC865 /* DB */,
				D99F685621AB1C19005EC865 /* ViewModels */,
				D9FC28F121623F7400E57E1B /* Transaction */,
				D96CE21521ADC9370085664A /* Category */,
			);
			path = Models;
			sourceTree = "<group>";
		};
		D9FC28F121623F7400E57E1B /* Transaction */ = {
			isa = PBXGroup;
			children = (
				D9FC28F321623FBC00E57E1B /* Transaction.swift */,
			);
			path = Transaction;
			sourceTree = "<group>";
		};
		D9FD0E6D21AFDA5A00A77C8A /* ActivityFlow */ = {
			isa = PBXGroup;
			children = (
				D98E333821B4523B004C66C3 /* EditTransactionViewController */,
				D99F683E21AA9C70005EC865 /* TodayHistoryViewController */,
				D911ECFA21A7F7B700C3A7B1 /* ActivityViewController */,
			);
			path = ActivityFlow;
			sourceTree = "<group>";
		};
		D9FD0E6E21AFDA6700A77C8A /* HistoryFlow */ = {
			isa = PBXGroup;
			children = (
				D97A0FF621B9CE20002BCA4C /* TransactionsHistoryListViewController */,
				D99F684921AABD96005EC865 /* HistoryViewController */,
			);
			path = HistoryFlow;
			sourceTree = "<group>";
		};
		D9FD0E7121AFDF2200A77C8A /* ViewModels */ = {
			isa = PBXGroup;
			children = (
				D9FD0E7521AFE19600A77C8A /* HistoryViewViewModel.swift */,
				D9FD0E7721AFE25000A77C8A /* HistorySortCategoryViewModel.swift */,
			);
			path = ViewModels;
			sourceTree = "<group>";
		};
		D9FD0E7221AFDFB400A77C8A /* HistoryBottomViewController */ = {
			isa = PBXGroup;
			children = (
				D9FD0E7321AFDFC900A77C8A /* HistoryBottomViewController.swift */,
			);
			path = HistoryBottomViewController;
			sourceTree = "<group>";
		};
/* End PBXGroup section */

/* Begin PBXNativeTarget section */
		D90EDB84214FD93900012383 /* MoneyControl */ = {
			isa = PBXNativeTarget;
			buildConfigurationList = D90EDB97214FD93A00012383 /* Build configuration list for PBXNativeTarget "MoneyControl" */;
			buildPhases = (
				72E4DDBA8E9EFFAAC23AD982 /* [CP] Check Pods Manifest.lock */,
				D90EDB81214FD93900012383 /* Sources */,
				D90EDB82214FD93900012383 /* Frameworks */,
				D90EDB83214FD93900012383 /* Resources */,
				0EDFBCF76FA08E6365F6BC2F /* [CP] Embed Pods Frameworks */,
			);
			buildRules = (
			);
			dependencies = (
			);
			name = MoneyControl;
			productName = MoneyControl;
			productReference = D90EDB85214FD93900012383 /* MoneyControl.app */;
			productType = "com.apple.product-type.application";
		};
/* End PBXNativeTarget section */

/* Begin PBXProject section */
		D90EDB7D214FD93900012383 /* Project object */ = {
			isa = PBXProject;
			attributes = {
				LastSwiftUpdateCheck = 0940;
				LastUpgradeCheck = 0940;
				ORGANIZATIONNAME = PxToday;
				TargetAttributes = {
					D90EDB84214FD93900012383 = {
						CreatedOnToolsVersion = 9.4.1;
					};
				};
			};
			buildConfigurationList = D90EDB80214FD93900012383 /* Build configuration list for PBXProject "MoneyControl" */;
			compatibilityVersion = "Xcode 9.3";
			developmentRegion = en;
			hasScannedForEncodings = 0;
			knownRegions = (
				en,
				Base,
			);
			mainGroup = D90EDB7C214FD93900012383;
			productRefGroup = D90EDB86214FD93900012383 /* Products */;
			projectDirPath = "";
			projectRoot = "";
			targets = (
				D90EDB84214FD93900012383 /* MoneyControl */,
			);
		};
/* End PBXProject section */

/* Begin PBXResourcesBuildPhase section */
		D90EDB83214FD93900012383 /* Resources */ = {
			isa = PBXResourcesBuildPhase;
			buildActionMask = 2147483647;
			files = (
				D95CF25F2156523D001BEF1F /* LockViewController.xib in Resources */,
				D90EDB93214FD93A00012383 /* LaunchScreen.storyboard in Resources */,
				D98E335021B49D29004C66C3 /* EditTransactionDateView.xib in Resources */,
				D9FD0E7021AFDA8300A77C8A /* HistoryFlow.storyboard in Resources */,
				D98E335321B5471F004C66C3 /* CategoryFlow.storyboard in Resources */,
				D90EDB9B214FE53900012383 /* Assets.xcassets in Resources */,
				D94ADB2E21B1887700D94F0F /* EmptyView.xib in Resources */,
				D920A09C21562F8100ECA806 /* BottomPopupViewController.xib in Resources */,
				D98E334621B46E56004C66C3 /* EditTransactionAmountView.xib in Resources */,
				D98E334B21B470DB004C66C3 /* EditTransactionCategoryView.xib in Resources */,
				D95F3FD8215435420039D714 /* Lato-Bold.ttf in Resources */,
				D911ECF921A7EFFB00C3A7B1 /* ActivityFlow.storyboard in Resources */,
				D99F685521AAD630005EC865 /* HistoryTopCollectionViewCell.xib in Resources */,
				D92EEDFB21A9518100A9C233 /* CategoryCollectionViewCell.xib in Resources */,
				D98E335D21B54BC5004C66C3 /* ManagedCategoryTableViewCell.xib in Resources */,
				D99F684621AAA462005EC865 /* TodayHistoryTableViewCell.xib in Resources */,
				D95CF261215775FF001BEF1F /* Lato-Light.ttf in Resources */,
			);
			runOnlyForDeploymentPostprocessing = 0;
		};
/* End PBXResourcesBuildPhase section */

/* Begin PBXShellScriptBuildPhase section */
		0EDFBCF76FA08E6365F6BC2F /* [CP] Embed Pods Frameworks */ = {
			isa = PBXShellScriptBuildPhase;
			buildActionMask = 2147483647;
			files = (
			);
			inputPaths = (
				"${PODS_ROOT}/Target Support Files/Pods-MoneyControl/Pods-MoneyControl-frameworks.sh",
				"${BUILT_PRODUCTS_DIR}/Differentiator/Differentiator.framework",
				"${BUILT_PRODUCTS_DIR}/Realm/Realm.framework",
				"${BUILT_PRODUCTS_DIR}/RealmSwift/RealmSwift.framework",
				"${BUILT_PRODUCTS_DIR}/RxAtomic/RxAtomic.framework",
				"${BUILT_PRODUCTS_DIR}/RxCocoa/RxCocoa.framework",
				"${BUILT_PRODUCTS_DIR}/RxDataSources/RxDataSources.framework",
				"${BUILT_PRODUCTS_DIR}/RxGesture/RxGesture.framework",
				"${BUILT_PRODUCTS_DIR}/RxSwift/RxSwift.framework",
			);
			name = "[CP] Embed Pods Frameworks";
			outputPaths = (
				"${TARGET_BUILD_DIR}/${FRAMEWORKS_FOLDER_PATH}/Differentiator.framework",
				"${TARGET_BUILD_DIR}/${FRAMEWORKS_FOLDER_PATH}/Realm.framework",
				"${TARGET_BUILD_DIR}/${FRAMEWORKS_FOLDER_PATH}/RealmSwift.framework",
				"${TARGET_BUILD_DIR}/${FRAMEWORKS_FOLDER_PATH}/RxAtomic.framework",
				"${TARGET_BUILD_DIR}/${FRAMEWORKS_FOLDER_PATH}/RxCocoa.framework",
				"${TARGET_BUILD_DIR}/${FRAMEWORKS_FOLDER_PATH}/RxDataSources.framework",
				"${TARGET_BUILD_DIR}/${FRAMEWORKS_FOLDER_PATH}/RxGesture.framework",
				"${TARGET_BUILD_DIR}/${FRAMEWORKS_FOLDER_PATH}/RxSwift.framework",
			);
			runOnlyForDeploymentPostprocessing = 0;
			shellPath = /bin/sh;
			shellScript = "\"${PODS_ROOT}/Target Support Files/Pods-MoneyControl/Pods-MoneyControl-frameworks.sh\"\n";
			showEnvVarsInLog = 0;
		};
		72E4DDBA8E9EFFAAC23AD982 /* [CP] Check Pods Manifest.lock */ = {
			isa = PBXShellScriptBuildPhase;
			buildActionMask = 2147483647;
			files = (
			);
			inputPaths = (
				"${PODS_PODFILE_DIR_PATH}/Podfile.lock",
				"${PODS_ROOT}/Manifest.lock",
			);
			name = "[CP] Check Pods Manifest.lock";
			outputPaths = (
				"$(DERIVED_FILE_DIR)/Pods-MoneyControl-checkManifestLockResult.txt",
			);
			runOnlyForDeploymentPostprocessing = 0;
			shellPath = /bin/sh;
			shellScript = "diff \"${PODS_PODFILE_DIR_PATH}/Podfile.lock\" \"${PODS_ROOT}/Manifest.lock\" > /dev/null\nif [ $? != 0 ] ; then\n    # print error to STDERR\n    echo \"error: The sandbox is not in sync with the Podfile.lock. Run 'pod install' or update your CocoaPods installation.\" >&2\n    exit 1\nfi\n# This output is used by Xcode 'outputs' to avoid re-running this script phase.\necho \"SUCCESS\" > \"${SCRIPT_OUTPUT_FILE_0}\"\n";
			showEnvVarsInLog = 0;
		};
/* End PBXShellScriptBuildPhase section */

/* Begin PBXSourcesBuildPhase section */
		D90EDB81214FD93900012383 /* Sources */ = {
			isa = PBXSourcesBuildPhase;
			buildActionMask = 2147483647;
			files = (
				D99F684021AA9C87005EC865 /* TodayHistoryViewController.swift in Sources */,
				D94ADB2C21B186A700D94F0F /* EmptyView.swift in Sources */,
				D99F686621AB2356005EC865 /* CategoriesFabric.swift in Sources */,
				D90EDB89214FD93900012383 /* AppDelegate.swift in Sources */,
				D95CF26521577826001BEF1F /* PinCircleView.swift in Sources */,
				D911ED0621A804FF00C3A7B1 /* Typealiases.swift in Sources */,
				D92EEDF921A9515A00A9C233 /* CategoryCollectionViewCell.swift in Sources */,
				D98E335C21B54BC5004C66C3 /* ManagedCategoryTableViewCell.swift in Sources */,
				D9FC28F421623FBC00E57E1B /* Transaction.swift in Sources */,
				D99F684B21AABDAD005EC865 /* HistoryViewController.swift in Sources */,
				D98E334421B46E41004C66C3 /* EditTransactionAmountView.swift in Sources */,
				D920A0A32156306A00ECA806 /* UIViewControllerExtensions.swift in Sources */,
				D99F684821AAB399005EC865 /* UITableViewExtenions.swift in Sources */,
				D911ECFE21A7F9E400C3A7B1 /* AppLaunch.swift in Sources */,
				D96CE21A21ADCDD30085664A /* TransactionService.swift in Sources */,
				D920A0A22156306A00ECA806 /* UIViewExtensions.swift in Sources */,
				D92EEDF321A94F0E00A9C233 /* ActivityTopViewController.swift in Sources */,
				D96CE21421ADC8D10085664A /* TransactionDB.swift in Sources */,
				D98E336521B58E06004C66C3 /* Settings.swift in Sources */,
				D9FD0E7821AFE25000A77C8A /* HistorySortCategoryViewModel.swift in Sources */,
				D99F685D21AB1E77005EC865 /* RealmBasedService.swift in Sources */,
				D95CF273215825A4001BEF1F /* BaseViewController.swift in Sources */,
				D97A0FF821B9CE3C002BCA4C /* TransactionsHistoryListViewController.swift in Sources */,
				D9DB3B2121A94BB100D8BADC /* UIBarButtonItemFabric.swift in Sources */,
				D9FD0E6C21AFC76500A77C8A /* CalendarExtensions.swift in Sources */,
				D98E334921B470D0004C66C3 /* EditTransactionCategoryView.swift in Sources */,
				D98E335521B547C0004C66C3 /* ManageCategoriesViewController.swift in Sources */,
				D98E333A21B4528A004C66C3 /* EditTransactionViewController.swift in Sources */,
				D911ED0021A7FC5500C3A7B1 /* Router.swift in Sources */,
				D96CE21D21ADD2B80085664A /* TodayHistoryViewViewModel.swift in Sources */,
				D99F685421AAD630005EC865 /* HistoryTopCollectionViewCell.swift in Sources */,
				D95CF2682157796E001BEF1F /* App.swift in Sources */,
				D96CE21721ADC9500085664A /* Category.swift in Sources */,
				D920A09B21562F8100ECA806 /* BottomPopupViewController.swift in Sources */,
				D9FD0E7621AFE19600A77C8A /* HistoryViewViewModel.swift in Sources */,
				D92295F621ADEF4E002AF881 /* ActivityViewViewModel.swift in Sources */,
				D98E334021B46B80004C66C3 /* RemoveButton.swift in Sources */,
				D95CF26D215782E9001BEF1F /* PinButton.swift in Sources */,
				D96CE21F21ADD3B40085664A /* TransactionViewModel.swift in Sources */,
				D98E333D21B454D4004C66C3 /* EditTransactionViewViewModel.swift in Sources */,
				D96483102162439400B2D880 /* CategoryViewModel.swift in Sources */,
				D98E334E21B49D20004C66C3 /* EditTransactionDateView.swift in Sources */,
				D98E336021B54ED4004C66C3 /* EyeSwitchView.swift in Sources */,
				D99F685B21AB1DA2005EC865 /* CategoryService.swift in Sources */,
				D95CF25E2156523D001BEF1F /* LockViewController.swift in Sources */,
				D920A0A62156427300ECA806 /* UIWindowExtensions.swift in Sources */,
				D98E336321B56AAC004C66C3 /* ManageCategoriesViewViewModel.swift in Sources */,
				D911ECFC21A7F7EB00C3A7B1 /* ActivityViewController.swift in Sources */,
				D99F684521AAA462005EC865 /* TodayHistoryTableViewCell.swift in Sources */,
				D9FD0E7421AFDFC900A77C8A /* HistoryBottomViewController.swift in Sources */,
				D92EEDF621A94F4700A9C233 /* ActivityBottomViewController.swift in Sources */,
				D922148021A97DCB00A71CDB /* UICollectionViewExtensions.swift in Sources */,
				D95CF26A21577A9A001BEF1F /* UIColorExtensions.swift in Sources */,
				D99F686221AB1FEC005EC865 /* CategoryDB.swift in Sources */,
				D98E333621B2BAD2004C66C3 /* RegularButton.swift in Sources */,
				D99F684F21AAD56C005EC865 /* HistoryTopViewController.swift in Sources */,
				D911ED0421A8025800C3A7B1 /* CheckButton.swift in Sources */,
				D964831B216287BE00B2D880 /* Constants.swift in Sources */,
			);
			runOnlyForDeploymentPostprocessing = 0;
		};
/* End PBXSourcesBuildPhase section */

/* Begin PBXVariantGroup section */
		D90EDB91214FD93A00012383 /* LaunchScreen.storyboard */ = {
			isa = PBXVariantGroup;
			children = (
				D90EDB92214FD93A00012383 /* Base */,
			);
			name = LaunchScreen.storyboard;
			sourceTree = "<group>";
		};
/* End PBXVariantGroup section */

/* Begin XCBuildConfiguration section */
		D90EDB95214FD93A00012383 /* Debug */ = {
			isa = XCBuildConfiguration;
			buildSettings = {
				ALWAYS_SEARCH_USER_PATHS = NO;
				CLANG_ANALYZER_NONNULL = YES;
				CLANG_ANALYZER_NUMBER_OBJECT_CONVERSION = YES_AGGRESSIVE;
				CLANG_CXX_LANGUAGE_STANDARD = "gnu++14";
				CLANG_CXX_LIBRARY = "libc++";
				CLANG_ENABLE_MODULES = YES;
				CLANG_ENABLE_OBJC_ARC = YES;
				CLANG_ENABLE_OBJC_WEAK = YES;
				CLANG_WARN_BLOCK_CAPTURE_AUTORELEASING = YES;
				CLANG_WARN_BOOL_CONVERSION = YES;
				CLANG_WARN_COMMA = YES;
				CLANG_WARN_CONSTANT_CONVERSION = YES;
				CLANG_WARN_DEPRECATED_OBJC_IMPLEMENTATIONS = YES;
				CLANG_WARN_DIRECT_OBJC_ISA_USAGE = YES_ERROR;
				CLANG_WARN_DOCUMENTATION_COMMENTS = YES;
				CLANG_WARN_EMPTY_BODY = YES;
				CLANG_WARN_ENUM_CONVERSION = YES;
				CLANG_WARN_INFINITE_RECURSION = YES;
				CLANG_WARN_INT_CONVERSION = YES;
				CLANG_WARN_NON_LITERAL_NULL_CONVERSION = YES;
				CLANG_WARN_OBJC_IMPLICIT_RETAIN_SELF = YES;
				CLANG_WARN_OBJC_LITERAL_CONVERSION = YES;
				CLANG_WARN_OBJC_ROOT_CLASS = YES_ERROR;
				CLANG_WARN_RANGE_LOOP_ANALYSIS = YES;
				CLANG_WARN_STRICT_PROTOTYPES = YES;
				CLANG_WARN_SUSPICIOUS_MOVE = YES;
				CLANG_WARN_UNGUARDED_AVAILABILITY = YES_AGGRESSIVE;
				CLANG_WARN_UNREACHABLE_CODE = YES;
				CLANG_WARN__DUPLICATE_METHOD_MATCH = YES;
				CODE_SIGN_IDENTITY = "iPhone Developer";
				COPY_PHASE_STRIP = NO;
				DEBUG_INFORMATION_FORMAT = dwarf;
				ENABLE_STRICT_OBJC_MSGSEND = YES;
				ENABLE_TESTABILITY = YES;
				GCC_C_LANGUAGE_STANDARD = gnu11;
				GCC_DYNAMIC_NO_PIC = NO;
				GCC_NO_COMMON_BLOCKS = YES;
				GCC_OPTIMIZATION_LEVEL = 0;
				GCC_PREPROCESSOR_DEFINITIONS = (
					"DEBUG=1",
					"$(inherited)",
				);
				GCC_WARN_64_TO_32_BIT_CONVERSION = YES;
				GCC_WARN_ABOUT_RETURN_TYPE = YES_ERROR;
				GCC_WARN_UNDECLARED_SELECTOR = YES;
				GCC_WARN_UNINITIALIZED_AUTOS = YES_AGGRESSIVE;
				GCC_WARN_UNUSED_FUNCTION = YES;
				GCC_WARN_UNUSED_VARIABLE = YES;
				IPHONEOS_DEPLOYMENT_TARGET = 11.4;
				MTL_ENABLE_DEBUG_INFO = YES;
				ONLY_ACTIVE_ARCH = YES;
				SDKROOT = iphoneos;
				SWIFT_ACTIVE_COMPILATION_CONDITIONS = DEBUG;
				SWIFT_OPTIMIZATION_LEVEL = "-Onone";
			};
			name = Debug;
		};
		D90EDB96214FD93A00012383 /* Release */ = {
			isa = XCBuildConfiguration;
			buildSettings = {
				ALWAYS_SEARCH_USER_PATHS = NO;
				CLANG_ANALYZER_NONNULL = YES;
				CLANG_ANALYZER_NUMBER_OBJECT_CONVERSION = YES_AGGRESSIVE;
				CLANG_CXX_LANGUAGE_STANDARD = "gnu++14";
				CLANG_CXX_LIBRARY = "libc++";
				CLANG_ENABLE_MODULES = YES;
				CLANG_ENABLE_OBJC_ARC = YES;
				CLANG_ENABLE_OBJC_WEAK = YES;
				CLANG_WARN_BLOCK_CAPTURE_AUTORELEASING = YES;
				CLANG_WARN_BOOL_CONVERSION = YES;
				CLANG_WARN_COMMA = YES;
				CLANG_WARN_CONSTANT_CONVERSION = YES;
				CLANG_WARN_DEPRECATED_OBJC_IMPLEMENTATIONS = YES;
				CLANG_WARN_DIRECT_OBJC_ISA_USAGE = YES_ERROR;
				CLANG_WARN_DOCUMENTATION_COMMENTS = YES;
				CLANG_WARN_EMPTY_BODY = YES;
				CLANG_WARN_ENUM_CONVERSION = YES;
				CLANG_WARN_INFINITE_RECURSION = YES;
				CLANG_WARN_INT_CONVERSION = YES;
				CLANG_WARN_NON_LITERAL_NULL_CONVERSION = YES;
				CLANG_WARN_OBJC_IMPLICIT_RETAIN_SELF = YES;
				CLANG_WARN_OBJC_LITERAL_CONVERSION = YES;
				CLANG_WARN_OBJC_ROOT_CLASS = YES_ERROR;
				CLANG_WARN_RANGE_LOOP_ANALYSIS = YES;
				CLANG_WARN_STRICT_PROTOTYPES = YES;
				CLANG_WARN_SUSPICIOUS_MOVE = YES;
				CLANG_WARN_UNGUARDED_AVAILABILITY = YES_AGGRESSIVE;
				CLANG_WARN_UNREACHABLE_CODE = YES;
				CLANG_WARN__DUPLICATE_METHOD_MATCH = YES;
				CODE_SIGN_IDENTITY = "iPhone Developer";
				COPY_PHASE_STRIP = NO;
				DEBUG_INFORMATION_FORMAT = "dwarf-with-dsym";
				ENABLE_NS_ASSERTIONS = NO;
				ENABLE_STRICT_OBJC_MSGSEND = YES;
				GCC_C_LANGUAGE_STANDARD = gnu11;
				GCC_NO_COMMON_BLOCKS = YES;
				GCC_WARN_64_TO_32_BIT_CONVERSION = YES;
				GCC_WARN_ABOUT_RETURN_TYPE = YES_ERROR;
				GCC_WARN_UNDECLARED_SELECTOR = YES;
				GCC_WARN_UNINITIALIZED_AUTOS = YES_AGGRESSIVE;
				GCC_WARN_UNUSED_FUNCTION = YES;
				GCC_WARN_UNUSED_VARIABLE = YES;
				IPHONEOS_DEPLOYMENT_TARGET = 11.4;
				MTL_ENABLE_DEBUG_INFO = NO;
				SDKROOT = iphoneos;
				SWIFT_COMPILATION_MODE = wholemodule;
				SWIFT_OPTIMIZATION_LEVEL = "-O";
				VALIDATE_PRODUCT = YES;
			};
			name = Release;
		};
		D90EDB98214FD93A00012383 /* Debug */ = {
			isa = XCBuildConfiguration;
			baseConfigurationReference = F26E5E653816776DDD2835F9 /* Pods-MoneyControl.debug.xcconfig */;
			buildSettings = {
				ASSETCATALOG_COMPILER_APPICON_NAME = AppIcon;
				CODE_SIGN_STYLE = Automatic;
				DEVELOPMENT_TEAM = ZG9WMFCLTY;
				INFOPLIST_FILE = MoneyControl/Info.plist;
				IPHONEOS_DEPLOYMENT_TARGET = 10.0;
				LD_RUNPATH_SEARCH_PATHS = (
					"$(inherited)",
					"@executable_path/Frameworks",
				);
				PRODUCT_BUNDLE_IDENTIFIER = com.personal.TheMovieDB;
				PRODUCT_NAME = "$(TARGET_NAME)";
				SWIFT_VERSION = 4.2;
				TARGETED_DEVICE_FAMILY = 1;
			};
			name = Debug;
		};
		D90EDB99214FD93A00012383 /* Release */ = {
			isa = XCBuildConfiguration;
			baseConfigurationReference = 6CFAAB9EC7B78DE15D776C6B /* Pods-MoneyControl.release.xcconfig */;
			buildSettings = {
				ASSETCATALOG_COMPILER_APPICON_NAME = AppIcon;
				CODE_SIGN_STYLE = Automatic;
				DEVELOPMENT_TEAM = ZG9WMFCLTY;
				INFOPLIST_FILE = MoneyControl/Info.plist;
				IPHONEOS_DEPLOYMENT_TARGET = 10.0;
				LD_RUNPATH_SEARCH_PATHS = (
					"$(inherited)",
					"@executable_path/Frameworks",
				);
				PRODUCT_BUNDLE_IDENTIFIER = com.personal.TheMovieDB;
				PRODUCT_NAME = "$(TARGET_NAME)";
				SWIFT_VERSION = 4.2;
				TARGETED_DEVICE_FAMILY = 1;
			};
			name = Release;
		};
/* End XCBuildConfiguration section */

/* Begin XCConfigurationList section */
		D90EDB80214FD93900012383 /* Build configuration list for PBXProject "MoneyControl" */ = {
			isa = XCConfigurationList;
			buildConfigurations = (
				D90EDB95214FD93A00012383 /* Debug */,
				D90EDB96214FD93A00012383 /* Release */,
			);
			defaultConfigurationIsVisible = 0;
			defaultConfigurationName = Release;
		};
		D90EDB97214FD93A00012383 /* Build configuration list for PBXNativeTarget "MoneyControl" */ = {
			isa = XCConfigurationList;
			buildConfigurations = (
				D90EDB98214FD93A00012383 /* Debug */,
				D90EDB99214FD93A00012383 /* Release */,
			);
			defaultConfigurationIsVisible = 0;
			defaultConfigurationName = Release;
		};
/* End XCConfigurationList section */
	};
	rootObject = D90EDB7D214FD93900012383 /* Project object */;
}
