// !$*UTF8*$!
{
	archiveVersion = 1;
	classes = {
	};
	objectVersion = 50;
	objects = {

/* Begin PBXBuildFile section */
		874C9214D46A2969E42A48B2 /* Pods_MoneyControl.framework in Frameworks */ = {isa = PBXBuildFile; fileRef = BE97D8B7FB287C9B7A662C78 /* Pods_MoneyControl.framework */; };
		D90EDB89214FD93900012383 /* AppDelegate.swift in Sources */ = {isa = PBXBuildFile; fileRef = D90EDB88214FD93900012383 /* AppDelegate.swift */; };
		D90EDB8B214FD93900012383 /* ViewController.swift in Sources */ = {isa = PBXBuildFile; fileRef = D90EDB8A214FD93900012383 /* ViewController.swift */; };
		D90EDB8E214FD93900012383 /* Main.storyboard in Resources */ = {isa = PBXBuildFile; fileRef = D90EDB8C214FD93900012383 /* Main.storyboard */; };
		D90EDB93214FD93A00012383 /* LaunchScreen.storyboard in Resources */ = {isa = PBXBuildFile; fileRef = D90EDB91214FD93A00012383 /* LaunchScreen.storyboard */; };
		D90EDB9B214FE53900012383 /* Assets.xcassets in Resources */ = {isa = PBXBuildFile; fileRef = D90EDB9A214FE53900012383 /* Assets.xcassets */; };
		D911ECF921A7EFFB00C3A7B1 /* ActivityFlow.storyboard in Resources */ = {isa = PBXBuildFile; fileRef = D911ECF821A7EFFB00C3A7B1 /* ActivityFlow.storyboard */; };
		D911ECFC21A7F7EB00C3A7B1 /* ActivityViewController.swift in Sources */ = {isa = PBXBuildFile; fileRef = D911ECFB21A7F7EB00C3A7B1 /* ActivityViewController.swift */; };
		D911ECFE21A7F9E400C3A7B1 /* AppLaunch.swift in Sources */ = {isa = PBXBuildFile; fileRef = D911ECFD21A7F9E400C3A7B1 /* AppLaunch.swift */; };
		D911ED0021A7FC5500C3A7B1 /* Router.swift in Sources */ = {isa = PBXBuildFile; fileRef = D911ECFF21A7FC5500C3A7B1 /* Router.swift */; };
		D911ED0421A8025800C3A7B1 /* CheckButton.swift in Sources */ = {isa = PBXBuildFile; fileRef = D911ED0321A8025800C3A7B1 /* CheckButton.swift */; };
		D911ED0621A804FF00C3A7B1 /* Typealiases.swift in Sources */ = {isa = PBXBuildFile; fileRef = D911ED0521A804FF00C3A7B1 /* Typealiases.swift */; };
		D920A09B21562F8100ECA806 /* BottomPopupViewController.swift in Sources */ = {isa = PBXBuildFile; fileRef = D920A09921562F8100ECA806 /* BottomPopupViewController.swift */; };
		D920A09C21562F8100ECA806 /* BottomPopupViewController.xib in Resources */ = {isa = PBXBuildFile; fileRef = D920A09A21562F8100ECA806 /* BottomPopupViewController.xib */; };
		D920A09E21562FDF00ECA806 /* bi8jswmy3ug01.jpg in Resources */ = {isa = PBXBuildFile; fileRef = D920A09D21562FDF00ECA806 /* bi8jswmy3ug01.jpg */; };
		D920A0A22156306A00ECA806 /* UIViewExtensions.swift in Sources */ = {isa = PBXBuildFile; fileRef = D920A0A02156306A00ECA806 /* UIViewExtensions.swift */; };
		D920A0A32156306A00ECA806 /* UIViewControllerExtensions.swift in Sources */ = {isa = PBXBuildFile; fileRef = D920A0A12156306A00ECA806 /* UIViewControllerExtensions.swift */; };
		D920A0A62156427300ECA806 /* UIWindowExtensions.swift in Sources */ = {isa = PBXBuildFile; fileRef = D920A0A52156427300ECA806 /* UIWindowExtensions.swift */; };
		D95CF25E2156523D001BEF1F /* LockViewController.swift in Sources */ = {isa = PBXBuildFile; fileRef = D95CF25C2156523D001BEF1F /* LockViewController.swift */; };
		D95CF25F2156523D001BEF1F /* LockViewController.xib in Resources */ = {isa = PBXBuildFile; fileRef = D95CF25D2156523D001BEF1F /* LockViewController.xib */; };
		D95CF261215775FF001BEF1F /* Lato-Light.ttf in Resources */ = {isa = PBXBuildFile; fileRef = D95CF260215775F8001BEF1F /* Lato-Light.ttf */; };
		D95CF26521577826001BEF1F /* PinCircleView.swift in Sources */ = {isa = PBXBuildFile; fileRef = D95CF26421577826001BEF1F /* PinCircleView.swift */; };
		D95CF2682157796E001BEF1F /* App.swift in Sources */ = {isa = PBXBuildFile; fileRef = D95CF2672157796E001BEF1F /* App.swift */; };
		D95CF26A21577A9A001BEF1F /* UIColorExtensions.swift in Sources */ = {isa = PBXBuildFile; fileRef = D95CF26921577A9A001BEF1F /* UIColorExtensions.swift */; };
		D95CF26D215782E9001BEF1F /* PinButton.swift in Sources */ = {isa = PBXBuildFile; fileRef = D95CF26C215782E9001BEF1F /* PinButton.swift */; };
		D95CF273215825A4001BEF1F /* BaseViewController.swift in Sources */ = {isa = PBXBuildFile; fileRef = D95CF271215825A4001BEF1F /* BaseViewController.swift */; };
		D95CF274215825A4001BEF1F /* BaseViewController.xib in Resources */ = {isa = PBXBuildFile; fileRef = D95CF272215825A4001BEF1F /* BaseViewController.xib */; };
		D95F3FD8215435420039D714 /* Lato-Bold.ttf in Resources */ = {isa = PBXBuildFile; fileRef = D95F3FD7215435420039D714 /* Lato-Bold.ttf */; };
		D96483102162439400B2D880 /* Category.swift in Sources */ = {isa = PBXBuildFile; fileRef = D964830F2162439400B2D880 /* Category.swift */; };
		D9648313216247DE00B2D880 /* DayViewViewModel.swift in Sources */ = {isa = PBXBuildFile; fileRef = D9648312216247DE00B2D880 /* DayViewViewModel.swift */; };
		D96483182162813D00B2D880 /* DayViewTableViewCell.swift in Sources */ = {isa = PBXBuildFile; fileRef = D96483162162813D00B2D880 /* DayViewTableViewCell.swift */; };
		D96483192162813D00B2D880 /* DayViewTableViewCell.xib in Resources */ = {isa = PBXBuildFile; fileRef = D96483172162813D00B2D880 /* DayViewTableViewCell.xib */; };
		D964831B216287BE00B2D880 /* Constants.swift in Sources */ = {isa = PBXBuildFile; fileRef = D964831A216287BE00B2D880 /* Constants.swift */; };
		D9FC28F421623FBC00E57E1B /* Money.swift in Sources */ = {isa = PBXBuildFile; fileRef = D9FC28F321623FBC00E57E1B /* Money.swift */; };
		D9FC28F72162426E00E57E1B /* DayViewController.swift in Sources */ = {isa = PBXBuildFile; fileRef = D9FC28F62162426E00E57E1B /* DayViewController.swift */; };
/* End PBXBuildFile section */

/* Begin PBXFileReference section */
		6CFAAB9EC7B78DE15D776C6B /* Pods-MoneyControl.release.xcconfig */ = {isa = PBXFileReference; includeInIndex = 1; lastKnownFileType = text.xcconfig; name = "Pods-MoneyControl.release.xcconfig"; path = "Pods/Target Support Files/Pods-MoneyControl/Pods-MoneyControl.release.xcconfig"; sourceTree = "<group>"; };
		BE97D8B7FB287C9B7A662C78 /* Pods_MoneyControl.framework */ = {isa = PBXFileReference; explicitFileType = wrapper.framework; includeInIndex = 0; path = Pods_MoneyControl.framework; sourceTree = BUILT_PRODUCTS_DIR; };
		D90EDB85214FD93900012383 /* MoneyControl.app */ = {isa = PBXFileReference; explicitFileType = wrapper.application; includeInIndex = 0; path = MoneyControl.app; sourceTree = BUILT_PRODUCTS_DIR; };
		D90EDB88214FD93900012383 /* AppDelegate.swift */ = {isa = PBXFileReference; lastKnownFileType = sourcecode.swift; path = AppDelegate.swift; sourceTree = "<group>"; };
		D90EDB8A214FD93900012383 /* ViewController.swift */ = {isa = PBXFileReference; lastKnownFileType = sourcecode.swift; path = ViewController.swift; sourceTree = "<group>"; };
		D90EDB8D214FD93900012383 /* Base */ = {isa = PBXFileReference; lastKnownFileType = file.storyboard; name = Base; path = Base.lproj/Main.storyboard; sourceTree = "<group>"; };
		D90EDB92214FD93A00012383 /* Base */ = {isa = PBXFileReference; lastKnownFileType = file.storyboard; name = Base; path = Base.lproj/LaunchScreen.storyboard; sourceTree = "<group>"; };
		D90EDB94214FD93A00012383 /* Info.plist */ = {isa = PBXFileReference; lastKnownFileType = text.plist.xml; path = Info.plist; sourceTree = "<group>"; };
		D90EDB9A214FE53900012383 /* Assets.xcassets */ = {isa = PBXFileReference; lastKnownFileType = folder.assetcatalog; name = Assets.xcassets; path = "../../../Desktop/Upwork/Money control/Assets.xcassets"; sourceTree = "<group>"; };
		D911ECF821A7EFFB00C3A7B1 /* ActivityFlow.storyboard */ = {isa = PBXFileReference; lastKnownFileType = file.storyboard; path = ActivityFlow.storyboard; sourceTree = "<group>"; };
		D911ECFB21A7F7EB00C3A7B1 /* ActivityViewController.swift */ = {isa = PBXFileReference; lastKnownFileType = sourcecode.swift; path = ActivityViewController.swift; sourceTree = "<group>"; };
		D911ECFD21A7F9E400C3A7B1 /* AppLaunch.swift */ = {isa = PBXFileReference; lastKnownFileType = sourcecode.swift; path = AppLaunch.swift; sourceTree = "<group>"; };
		D911ECFF21A7FC5500C3A7B1 /* Router.swift */ = {isa = PBXFileReference; lastKnownFileType = sourcecode.swift; path = Router.swift; sourceTree = "<group>"; };
		D911ED0321A8025800C3A7B1 /* CheckButton.swift */ = {isa = PBXFileReference; lastKnownFileType = sourcecode.swift; path = CheckButton.swift; sourceTree = "<group>"; };
		D911ED0521A804FF00C3A7B1 /* Typealiases.swift */ = {isa = PBXFileReference; lastKnownFileType = sourcecode.swift; path = Typealiases.swift; sourceTree = "<group>"; };
		D920A09921562F8100ECA806 /* BottomPopupViewController.swift */ = {isa = PBXFileReference; lastKnownFileType = sourcecode.swift; path = BottomPopupViewController.swift; sourceTree = "<group>"; };
		D920A09A21562F8100ECA806 /* BottomPopupViewController.xib */ = {isa = PBXFileReference; lastKnownFileType = file.xib; path = BottomPopupViewController.xib; sourceTree = "<group>"; };
		D920A09D21562FDF00ECA806 /* bi8jswmy3ug01.jpg */ = {isa = PBXFileReference; lastKnownFileType = image.jpeg; path = bi8jswmy3ug01.jpg; sourceTree = "<group>"; };
		D920A0A02156306A00ECA806 /* UIViewExtensions.swift */ = {isa = PBXFileReference; fileEncoding = 4; lastKnownFileType = sourcecode.swift; path = UIViewExtensions.swift; sourceTree = "<group>"; };
		D920A0A12156306A00ECA806 /* UIViewControllerExtensions.swift */ = {isa = PBXFileReference; fileEncoding = 4; lastKnownFileType = sourcecode.swift; path = UIViewControllerExtensions.swift; sourceTree = "<group>"; };
		D920A0A52156427300ECA806 /* UIWindowExtensions.swift */ = {isa = PBXFileReference; lastKnownFileType = sourcecode.swift; path = UIWindowExtensions.swift; sourceTree = "<group>"; };
		D95CF25C2156523D001BEF1F /* LockViewController.swift */ = {isa = PBXFileReference; lastKnownFileType = sourcecode.swift; path = LockViewController.swift; sourceTree = "<group>"; };
		D95CF25D2156523D001BEF1F /* LockViewController.xib */ = {isa = PBXFileReference; lastKnownFileType = file.xib; path = LockViewController.xib; sourceTree = "<group>"; };
		D95CF260215775F8001BEF1F /* Lato-Light.ttf */ = {isa = PBXFileReference; lastKnownFileType = file; path = "Lato-Light.ttf"; sourceTree = "<group>"; };
		D95CF26421577826001BEF1F /* PinCircleView.swift */ = {isa = PBXFileReference; lastKnownFileType = sourcecode.swift; path = PinCircleView.swift; sourceTree = "<group>"; };
		D95CF2672157796E001BEF1F /* App.swift */ = {isa = PBXFileReference; lastKnownFileType = sourcecode.swift; path = App.swift; sourceTree = "<group>"; };
		D95CF26921577A9A001BEF1F /* UIColorExtensions.swift */ = {isa = PBXFileReference; lastKnownFileType = sourcecode.swift; path = UIColorExtensions.swift; sourceTree = "<group>"; };
		D95CF26C215782E9001BEF1F /* PinButton.swift */ = {isa = PBXFileReference; lastKnownFileType = sourcecode.swift; path = PinButton.swift; sourceTree = "<group>"; };
		D95CF271215825A4001BEF1F /* BaseViewController.swift */ = {isa = PBXFileReference; lastKnownFileType = sourcecode.swift; path = BaseViewController.swift; sourceTree = "<group>"; };
		D95CF272215825A4001BEF1F /* BaseViewController.xib */ = {isa = PBXFileReference; lastKnownFileType = file.xib; path = BaseViewController.xib; sourceTree = "<group>"; };
		D95F3FD7215435420039D714 /* Lato-Bold.ttf */ = {isa = PBXFileReference; lastKnownFileType = file; path = "Lato-Bold.ttf"; sourceTree = "<group>"; };
		D964830F2162439400B2D880 /* Category.swift */ = {isa = PBXFileReference; lastKnownFileType = sourcecode.swift; path = Category.swift; sourceTree = "<group>"; };
		D9648312216247DE00B2D880 /* DayViewViewModel.swift */ = {isa = PBXFileReference; lastKnownFileType = sourcecode.swift; path = DayViewViewModel.swift; sourceTree = "<group>"; };
		D96483162162813D00B2D880 /* DayViewTableViewCell.swift */ = {isa = PBXFileReference; lastKnownFileType = sourcecode.swift; path = DayViewTableViewCell.swift; sourceTree = "<group>"; };
		D96483172162813D00B2D880 /* DayViewTableViewCell.xib */ = {isa = PBXFileReference; lastKnownFileType = file.xib; path = DayViewTableViewCell.xib; sourceTree = "<group>"; };
		D964831A216287BE00B2D880 /* Constants.swift */ = {isa = PBXFileReference; lastKnownFileType = sourcecode.swift; path = Constants.swift; sourceTree = "<group>"; };
		D9FC28F321623FBC00E57E1B /* Money.swift */ = {isa = PBXFileReference; lastKnownFileType = sourcecode.swift; path = Money.swift; sourceTree = "<group>"; };
		D9FC28F62162426E00E57E1B /* DayViewController.swift */ = {isa = PBXFileReference; lastKnownFileType = sourcecode.swift; path = DayViewController.swift; sourceTree = "<group>"; };
		F26E5E653816776DDD2835F9 /* Pods-MoneyControl.debug.xcconfig */ = {isa = PBXFileReference; includeInIndex = 1; lastKnownFileType = text.xcconfig; name = "Pods-MoneyControl.debug.xcconfig"; path = "Pods/Target Support Files/Pods-MoneyControl/Pods-MoneyControl.debug.xcconfig"; sourceTree = "<group>"; };
/* End PBXFileReference section */

/* Begin PBXFrameworksBuildPhase section */
		D90EDB82214FD93900012383 /* Frameworks */ = {
			isa = PBXFrameworksBuildPhase;
			buildActionMask = 2147483647;
			files = (
				874C9214D46A2969E42A48B2 /* Pods_MoneyControl.framework in Frameworks */,
			);
			runOnlyForDeploymentPostprocessing = 0;
		};
/* End PBXFrameworksBuildPhase section */

/* Begin PBXGroup section */
		1CAC83439B05DDC1CF2AAE14 /* Pods */ = {
			isa = PBXGroup;
			children = (
				F26E5E653816776DDD2835F9 /* Pods-MoneyControl.debug.xcconfig */,
				6CFAAB9EC7B78DE15D776C6B /* Pods-MoneyControl.release.xcconfig */,
			);
			name = Pods;
			sourceTree = "<group>";
		};
		AA5A7890D2781D85B9F16BB4 /* Frameworks */ = {
			isa = PBXGroup;
			children = (
				BE97D8B7FB287C9B7A662C78 /* Pods_MoneyControl.framework */,
			);
			name = Frameworks;
			sourceTree = "<group>";
		};
		D90EDB7C214FD93900012383 = {
			isa = PBXGroup;
			children = (
				D90EDB87214FD93900012383 /* MoneyControl */,
				D90EDB86214FD93900012383 /* Products */,
				1CAC83439B05DDC1CF2AAE14 /* Pods */,
				AA5A7890D2781D85B9F16BB4 /* Frameworks */,
			);
			sourceTree = "<group>";
		};
		D90EDB86214FD93900012383 /* Products */ = {
			isa = PBXGroup;
			children = (
				D90EDB85214FD93900012383 /* MoneyControl.app */,
			);
			name = Products;
			sourceTree = "<group>";
		};
		D90EDB87214FD93900012383 /* MoneyControl */ = {
			isa = PBXGroup;
			children = (
				D9FC28EF21623F5100E57E1B /* Models */,
				D95CF2662157795B001BEF1F /* Configuration */,
				D920A09521562F1900ECA806 /* Kit */,
				D95F3FD6215434FA0039D714 /* Fonts */,
				D95CF26F21582554001BEF1F /* Controllers */,
				D911ECF721A7EF1900C3A7B1 /* Storyboards */,
				D920A09D21562FDF00ECA806 /* bi8jswmy3ug01.jpg */,
				D90EDB88214FD93900012383 /* AppDelegate.swift */,
				D90EDB8A214FD93900012383 /* ViewController.swift */,
				D90EDB8C214FD93900012383 /* Main.storyboard */,
				D90EDB9A214FE53900012383 /* Assets.xcassets */,
				D90EDB91214FD93A00012383 /* LaunchScreen.storyboard */,
				D90EDB94214FD93A00012383 /* Info.plist */,
			);
			path = MoneyControl;
			sourceTree = "<group>";
		};
		D911ECF721A7EF1900C3A7B1 /* Storyboards */ = {
			isa = PBXGroup;
			children = (
				D911ECF821A7EFFB00C3A7B1 /* ActivityFlow.storyboard */,
			);
			path = Storyboards;
			sourceTree = "<group>";
		};
		D911ECFA21A7F7B700C3A7B1 /* ActivityViewController */ = {
			isa = PBXGroup;
			children = (
				D911ECFB21A7F7EB00C3A7B1 /* ActivityViewController.swift */,
			);
			path = ActivityViewController;
			sourceTree = "<group>";
		};
		D911ED0121A801D500C3A7B1 /* Buttons */ = {
			isa = PBXGroup;
			children = (
				D911ED0221A801DB00C3A7B1 /* CheckButton */,
			);
			path = Buttons;
			sourceTree = "<group>";
		};
		D911ED0221A801DB00C3A7B1 /* CheckButton */ = {
			isa = PBXGroup;
			children = (
				D911ED0321A8025800C3A7B1 /* CheckButton.swift */,
			);
			path = CheckButton;
			sourceTree = "<group>";
		};
		D920A09521562F1900ECA806 /* Kit */ = {
			isa = PBXGroup;
			children = (
				D920A09F2156303800ECA806 /* Extensions */,
				D920A09621562F2F00ECA806 /* UI */,
			);
			path = Kit;
			sourceTree = "<group>";
		};
		D920A09621562F2F00ECA806 /* UI */ = {
			isa = PBXGroup;
			children = (
				D911ED0121A801D500C3A7B1 /* Buttons */,
				D95CF26221577803001BEF1F /* View's */,
				D95CF25A21565212001BEF1F /* Screens */,
				D920A09721562F3400ECA806 /* Popup's */,
			);
			path = UI;
			sourceTree = "<group>";
		};
		D920A09721562F3400ECA806 /* Popup's */ = {
			isa = PBXGroup;
			children = (
				D920A09821562F5A00ECA806 /* BottomPopupViewController */,
			);
			path = "Popup's";
			sourceTree = "<group>";
		};
		D920A09821562F5A00ECA806 /* BottomPopupViewController */ = {
			isa = PBXGroup;
			children = (
				D920A09921562F8100ECA806 /* BottomPopupViewController.swift */,
				D920A09A21562F8100ECA806 /* BottomPopupViewController.xib */,
			);
			path = BottomPopupViewController;
			sourceTree = "<group>";
		};
		D920A09F2156303800ECA806 /* Extensions */ = {
			isa = PBXGroup;
			children = (
				D920A0A12156306A00ECA806 /* UIViewControllerExtensions.swift */,
				D920A0A02156306A00ECA806 /* UIViewExtensions.swift */,
				D920A0A52156427300ECA806 /* UIWindowExtensions.swift */,
				D95CF26921577A9A001BEF1F /* UIColorExtensions.swift */,
			);
			path = Extensions;
			sourceTree = "<group>";
		};
		D95CF25A21565212001BEF1F /* Screens */ = {
			isa = PBXGroup;
			children = (
				D95CF25B21565219001BEF1F /* LockViewController */,
			);
			path = Screens;
			sourceTree = "<group>";
		};
		D95CF25B21565219001BEF1F /* LockViewController */ = {
			isa = PBXGroup;
			children = (
				D95CF25C2156523D001BEF1F /* LockViewController.swift */,
				D95CF25D2156523D001BEF1F /* LockViewController.xib */,
			);
			path = LockViewController;
			sourceTree = "<group>";
		};
		D95CF26221577803001BEF1F /* View's */ = {
			isa = PBXGroup;
			children = (
				D95CF26B215782D5001BEF1F /* PinButton */,
				D95CF26321577809001BEF1F /* PinCircleView */,
			);
			path = "View's";
			sourceTree = "<group>";
		};
		D95CF26321577809001BEF1F /* PinCircleView */ = {
			isa = PBXGroup;
			children = (
				D95CF26421577826001BEF1F /* PinCircleView.swift */,
			);
			path = PinCircleView;
			sourceTree = "<group>";
		};
		D95CF2662157795B001BEF1F /* Configuration */ = {
			isa = PBXGroup;
			children = (
				D95CF2672157796E001BEF1F /* App.swift */,
				D964831A216287BE00B2D880 /* Constants.swift */,
				D911ECFD21A7F9E400C3A7B1 /* AppLaunch.swift */,
				D911ECFF21A7FC5500C3A7B1 /* Router.swift */,
				D911ED0521A804FF00C3A7B1 /* Typealiases.swift */,
			);
			path = Configuration;
			sourceTree = "<group>";
		};
		D95CF26B215782D5001BEF1F /* PinButton */ = {
			isa = PBXGroup;
			children = (
				D95CF26C215782E9001BEF1F /* PinButton.swift */,
			);
			path = PinButton;
			sourceTree = "<group>";
		};
		D95CF26F21582554001BEF1F /* Controllers */ = {
			isa = PBXGroup;
			children = (
				D911ECFA21A7F7B700C3A7B1 /* ActivityViewController */,
				D9FC28F52162424800E57E1B /* DayViewController */,
				D95CF27021582562001BEF1F /* BaseViewController */,
			);
			path = Controllers;
			sourceTree = "<group>";
		};
		D95CF27021582562001BEF1F /* BaseViewController */ = {
			isa = PBXGroup;
			children = (
				D95CF271215825A4001BEF1F /* BaseViewController.swift */,
				D95CF272215825A4001BEF1F /* BaseViewController.xib */,
			);
			path = BaseViewController;
			sourceTree = "<group>";
		};
		D95F3FD6215434FA0039D714 /* Fonts */ = {
			isa = PBXGroup;
			children = (
				D95CF260215775F8001BEF1F /* Lato-Light.ttf */,
				D95F3FD7215435420039D714 /* Lato-Bold.ttf */,
			);
			path = Fonts;
			sourceTree = "<group>";
		};
		D964830E2162438700B2D880 /* Category */ = {
			isa = PBXGroup;
			children = (
				D964830F2162439400B2D880 /* Category.swift */,
			);
			path = Category;
			sourceTree = "<group>";
		};
		D9648311216247B200B2D880 /* ViewModels */ = {
			isa = PBXGroup;
			children = (
				D9648312216247DE00B2D880 /* DayViewViewModel.swift */,
			);
			path = ViewModels;
			sourceTree = "<group>";
		};
		D96483142162811200B2D880 /* Cells */ = {
			isa = PBXGroup;
			children = (
				D96483152162811D00B2D880 /* DayViewTableViewCell */,
			);
			path = Cells;
			sourceTree = "<group>";
		};
		D96483152162811D00B2D880 /* DayViewTableViewCell */ = {
			isa = PBXGroup;
			children = (
				D96483162162813D00B2D880 /* DayViewTableViewCell.swift */,
				D96483172162813D00B2D880 /* DayViewTableViewCell.xib */,
			);
			path = DayViewTableViewCell;
			sourceTree = "<group>";
		};
		D9FC28EF21623F5100E57E1B /* Models */ = {
			isa = PBXGroup;
			children = (
				D964830E2162438700B2D880 /* Category */,
				D9FC28F121623F7400E57E1B /* Money */,
			);
			path = Models;
			sourceTree = "<group>";
		};
		D9FC28F121623F7400E57E1B /* Money */ = {
			isa = PBXGroup;
			children = (
				D9FC28F321623FBC00E57E1B /* Money.swift */,
			);
			path = Money;
			sourceTree = "<group>";
		};
		D9FC28F52162424800E57E1B /* DayViewController */ = {
			isa = PBXGroup;
			children = (
				D9648311216247B200B2D880 /* ViewModels */,
				D96483142162811200B2D880 /* Cells */,
				D9FC28F62162426E00E57E1B /* DayViewController.swift */,
			);
			path = DayViewController;
			sourceTree = "<group>";
		};
/* End PBXGroup section */

/* Begin PBXNativeTarget section */
		D90EDB84214FD93900012383 /* MoneyControl */ = {
			isa = PBXNativeTarget;
			buildConfigurationList = D90EDB97214FD93A00012383 /* Build configuration list for PBXNativeTarget "MoneyControl" */;
			buildPhases = (
				72E4DDBA8E9EFFAAC23AD982 /* [CP] Check Pods Manifest.lock */,
				D90EDB81214FD93900012383 /* Sources */,
				D90EDB82214FD93900012383 /* Frameworks */,
				D90EDB83214FD93900012383 /* Resources */,
				0EDFBCF76FA08E6365F6BC2F /* [CP] Embed Pods Frameworks */,
			);
			buildRules = (
			);
			dependencies = (
			);
			name = MoneyControl;
			productName = MoneyControl;
			productReference = D90EDB85214FD93900012383 /* MoneyControl.app */;
			productType = "com.apple.product-type.application";
		};
/* End PBXNativeTarget section */

/* Begin PBXProject section */
		D90EDB7D214FD93900012383 /* Project object */ = {
			isa = PBXProject;
			attributes = {
				LastSwiftUpdateCheck = 0940;
				LastUpgradeCheck = 0940;
				ORGANIZATIONNAME = PxToday;
				TargetAttributes = {
					D90EDB84214FD93900012383 = {
						CreatedOnToolsVersion = 9.4.1;
					};
				};
			};
			buildConfigurationList = D90EDB80214FD93900012383 /* Build configuration list for PBXProject "MoneyControl" */;
			compatibilityVersion = "Xcode 9.3";
			developmentRegion = en;
			hasScannedForEncodings = 0;
			knownRegions = (
				en,
				Base,
			);
			mainGroup = D90EDB7C214FD93900012383;
			productRefGroup = D90EDB86214FD93900012383 /* Products */;
			projectDirPath = "";
			projectRoot = "";
			targets = (
				D90EDB84214FD93900012383 /* MoneyControl */,
			);
		};
/* End PBXProject section */

/* Begin PBXResourcesBuildPhase section */
		D90EDB83214FD93900012383 /* Resources */ = {
			isa = PBXResourcesBuildPhase;
			buildActionMask = 2147483647;
			files = (
				D95CF25F2156523D001BEF1F /* LockViewController.xib in Resources */,
				D90EDB93214FD93A00012383 /* LaunchScreen.storyboard in Resources */,
				D90EDB9B214FE53900012383 /* Assets.xcassets in Resources */,
				D90EDB8E214FD93900012383 /* Main.storyboard in Resources */,
				D920A09C21562F8100ECA806 /* BottomPopupViewController.xib in Resources */,
				D96483192162813D00B2D880 /* DayViewTableViewCell.xib in Resources */,
				D95F3FD8215435420039D714 /* Lato-Bold.ttf in Resources */,
				D911ECF921A7EFFB00C3A7B1 /* ActivityFlow.storyboard in Resources */,
				D95CF274215825A4001BEF1F /* BaseViewController.xib in Resources */,
				D920A09E21562FDF00ECA806 /* bi8jswmy3ug01.jpg in Resources */,
				D95CF261215775FF001BEF1F /* Lato-Light.ttf in Resources */,
			);
			runOnlyForDeploymentPostprocessing = 0;
		};
/* End PBXResourcesBuildPhase section */

/* Begin PBXShellScriptBuildPhase section */
		0EDFBCF76FA08E6365F6BC2F /* [CP] Embed Pods Frameworks */ = {
			isa = PBXShellScriptBuildPhase;
			buildActionMask = 2147483647;
			files = (
			);
			inputPaths = (
				"${SRCROOT}/Pods/Target Support Files/Pods-MoneyControl/Pods-MoneyControl-frameworks.sh",
				"${BUILT_PRODUCTS_DIR}/RxCocoa/RxCocoa.framework",
				"${BUILT_PRODUCTS_DIR}/RxSwift/RxSwift.framework",
			);
			name = "[CP] Embed Pods Frameworks";
			outputPaths = (
				"${TARGET_BUILD_DIR}/${FRAMEWORKS_FOLDER_PATH}/RxCocoa.framework",
				"${TARGET_BUILD_DIR}/${FRAMEWORKS_FOLDER_PATH}/RxSwift.framework",
			);
			runOnlyForDeploymentPostprocessing = 0;
			shellPath = /bin/sh;
			shellScript = "\"${SRCROOT}/Pods/Target Support Files/Pods-MoneyControl/Pods-MoneyControl-frameworks.sh\"\n";
			showEnvVarsInLog = 0;
		};
		72E4DDBA8E9EFFAAC23AD982 /* [CP] Check Pods Manifest.lock */ = {
			isa = PBXShellScriptBuildPhase;
			buildActionMask = 2147483647;
			files = (
			);
			inputPaths = (
				"${PODS_PODFILE_DIR_PATH}/Podfile.lock",
				"${PODS_ROOT}/Manifest.lock",
			);
			name = "[CP] Check Pods Manifest.lock";
			outputPaths = (
				"$(DERIVED_FILE_DIR)/Pods-MoneyControl-checkManifestLockResult.txt",
			);
			runOnlyForDeploymentPostprocessing = 0;
			shellPath = /bin/sh;
			shellScript = "diff \"${PODS_PODFILE_DIR_PATH}/Podfile.lock\" \"${PODS_ROOT}/Manifest.lock\" > /dev/null\nif [ $? != 0 ] ; then\n    # print error to STDERR\n    echo \"error: The sandbox is not in sync with the Podfile.lock. Run 'pod install' or update your CocoaPods installation.\" >&2\n    exit 1\nfi\n# This output is used by Xcode 'outputs' to avoid re-running this script phase.\necho \"SUCCESS\" > \"${SCRIPT_OUTPUT_FILE_0}\"\n";
			showEnvVarsInLog = 0;
		};
/* End PBXShellScriptBuildPhase section */

/* Begin PBXSourcesBuildPhase section */
		D90EDB81214FD93900012383 /* Sources */ = {
			isa = PBXSourcesBuildPhase;
			buildActionMask = 2147483647;
			files = (
				D90EDB8B214FD93900012383 /* ViewController.swift in Sources */,
				D90EDB89214FD93900012383 /* AppDelegate.swift in Sources */,
				D95CF26521577826001BEF1F /* PinCircleView.swift in Sources */,
				D911ED0621A804FF00C3A7B1 /* Typealiases.swift in Sources */,
				D9FC28F421623FBC00E57E1B /* Money.swift in Sources */,
				D920A0A32156306A00ECA806 /* UIViewControllerExtensions.swift in Sources */,
				D9FC28F72162426E00E57E1B /* DayViewController.swift in Sources */,
				D911ECFE21A7F9E400C3A7B1 /* AppLaunch.swift in Sources */,
				D9648313216247DE00B2D880 /* DayViewViewModel.swift in Sources */,
				D920A0A22156306A00ECA806 /* UIViewExtensions.swift in Sources */,
				D95CF273215825A4001BEF1F /* BaseViewController.swift in Sources */,
				D911ED0021A7FC5500C3A7B1 /* Router.swift in Sources */,
				D96483182162813D00B2D880 /* DayViewTableViewCell.swift in Sources */,
				D95CF2682157796E001BEF1F /* App.swift in Sources */,
				D920A09B21562F8100ECA806 /* BottomPopupViewController.swift in Sources */,
				D95CF26D215782E9001BEF1F /* PinButton.swift in Sources */,
				D96483102162439400B2D880 /* Category.swift in Sources */,
				D95CF25E2156523D001BEF1F /* LockViewController.swift in Sources */,
				D920A0A62156427300ECA806 /* UIWindowExtensions.swift in Sources */,
				D911ECFC21A7F7EB00C3A7B1 /* ActivityViewController.swift in Sources */,
				D95CF26A21577A9A001BEF1F /* UIColorExtensions.swift in Sources */,
				D911ED0421A8025800C3A7B1 /* CheckButton.swift in Sources */,
				D964831B216287BE00B2D880 /* Constants.swift in Sources */,
			);
			runOnlyForDeploymentPostprocessing = 0;
		};
/* End PBXSourcesBuildPhase section */

/* Begin PBXVariantGroup section */
		D90EDB8C214FD93900012383 /* Main.storyboard */ = {
			isa = PBXVariantGroup;
			children = (
				D90EDB8D214FD93900012383 /* Base */,
			);
			name = Main.storyboard;
			sourceTree = "<group>";
		};
		D90EDB91214FD93A00012383 /* LaunchScreen.storyboard */ = {
			isa = PBXVariantGroup;
			children = (
				D90EDB92214FD93A00012383 /* Base */,
			);
			name = LaunchScreen.storyboard;
			sourceTree = "<group>";
		};
/* End PBXVariantGroup section */

/* Begin XCBuildConfiguration section */
		D90EDB95214FD93A00012383 /* Debug */ = {
			isa = XCBuildConfiguration;
			buildSettings = {
				ALWAYS_SEARCH_USER_PATHS = NO;
				CLANG_ANALYZER_NONNULL = YES;
				CLANG_ANALYZER_NUMBER_OBJECT_CONVERSION = YES_AGGRESSIVE;
				CLANG_CXX_LANGUAGE_STANDARD = "gnu++14";
				CLANG_CXX_LIBRARY = "libc++";
				CLANG_ENABLE_MODULES = YES;
				CLANG_ENABLE_OBJC_ARC = YES;
				CLANG_ENABLE_OBJC_WEAK = YES;
				CLANG_WARN_BLOCK_CAPTURE_AUTORELEASING = YES;
				CLANG_WARN_BOOL_CONVERSION = YES;
				CLANG_WARN_COMMA = YES;
				CLANG_WARN_CONSTANT_CONVERSION = YES;
				CLANG_WARN_DEPRECATED_OBJC_IMPLEMENTATIONS = YES;
				CLANG_WARN_DIRECT_OBJC_ISA_USAGE = YES_ERROR;
				CLANG_WARN_DOCUMENTATION_COMMENTS = YES;
				CLANG_WARN_EMPTY_BODY = YES;
				CLANG_WARN_ENUM_CONVERSION = YES;
				CLANG_WARN_INFINITE_RECURSION = YES;
				CLANG_WARN_INT_CONVERSION = YES;
				CLANG_WARN_NON_LITERAL_NULL_CONVERSION = YES;
				CLANG_WARN_OBJC_IMPLICIT_RETAIN_SELF = YES;
				CLANG_WARN_OBJC_LITERAL_CONVERSION = YES;
				CLANG_WARN_OBJC_ROOT_CLASS = YES_ERROR;
				CLANG_WARN_RANGE_LOOP_ANALYSIS = YES;
				CLANG_WARN_STRICT_PROTOTYPES = YES;
				CLANG_WARN_SUSPICIOUS_MOVE = YES;
				CLANG_WARN_UNGUARDED_AVAILABILITY = YES_AGGRESSIVE;
				CLANG_WARN_UNREACHABLE_CODE = YES;
				CLANG_WARN__DUPLICATE_METHOD_MATCH = YES;
				CODE_SIGN_IDENTITY = "iPhone Developer";
				COPY_PHASE_STRIP = NO;
				DEBUG_INFORMATION_FORMAT = dwarf;
				ENABLE_STRICT_OBJC_MSGSEND = YES;
				ENABLE_TESTABILITY = YES;
				GCC_C_LANGUAGE_STANDARD = gnu11;
				GCC_DYNAMIC_NO_PIC = NO;
				GCC_NO_COMMON_BLOCKS = YES;
				GCC_OPTIMIZATION_LEVEL = 0;
				GCC_PREPROCESSOR_DEFINITIONS = (
					"DEBUG=1",
					"$(inherited)",
				);
				GCC_WARN_64_TO_32_BIT_CONVERSION = YES;
				GCC_WARN_ABOUT_RETURN_TYPE = YES_ERROR;
				GCC_WARN_UNDECLARED_SELECTOR = YES;
				GCC_WARN_UNINITIALIZED_AUTOS = YES_AGGRESSIVE;
				GCC_WARN_UNUSED_FUNCTION = YES;
				GCC_WARN_UNUSED_VARIABLE = YES;
				IPHONEOS_DEPLOYMENT_TARGET = 11.4;
				MTL_ENABLE_DEBUG_INFO = YES;
				ONLY_ACTIVE_ARCH = YES;
				SDKROOT = iphoneos;
				SWIFT_ACTIVE_COMPILATION_CONDITIONS = DEBUG;
				SWIFT_OPTIMIZATION_LEVEL = "-Onone";
			};
			name = Debug;
		};
		D90EDB96214FD93A00012383 /* Release */ = {
			isa = XCBuildConfiguration;
			buildSettings = {
				ALWAYS_SEARCH_USER_PATHS = NO;
				CLANG_ANALYZER_NONNULL = YES;
				CLANG_ANALYZER_NUMBER_OBJECT_CONVERSION = YES_AGGRESSIVE;
				CLANG_CXX_LANGUAGE_STANDARD = "gnu++14";
				CLANG_CXX_LIBRARY = "libc++";
				CLANG_ENABLE_MODULES = YES;
				CLANG_ENABLE_OBJC_ARC = YES;
				CLANG_ENABLE_OBJC_WEAK = YES;
				CLANG_WARN_BLOCK_CAPTURE_AUTORELEASING = YES;
				CLANG_WARN_BOOL_CONVERSION = YES;
				CLANG_WARN_COMMA = YES;
				CLANG_WARN_CONSTANT_CONVERSION = YES;
				CLANG_WARN_DEPRECATED_OBJC_IMPLEMENTATIONS = YES;
				CLANG_WARN_DIRECT_OBJC_ISA_USAGE = YES_ERROR;
				CLANG_WARN_DOCUMENTATION_COMMENTS = YES;
				CLANG_WARN_EMPTY_BODY = YES;
				CLANG_WARN_ENUM_CONVERSION = YES;
				CLANG_WARN_INFINITE_RECURSION = YES;
				CLANG_WARN_INT_CONVERSION = YES;
				CLANG_WARN_NON_LITERAL_NULL_CONVERSION = YES;
				CLANG_WARN_OBJC_IMPLICIT_RETAIN_SELF = YES;
				CLANG_WARN_OBJC_LITERAL_CONVERSION = YES;
				CLANG_WARN_OBJC_ROOT_CLASS = YES_ERROR;
				CLANG_WARN_RANGE_LOOP_ANALYSIS = YES;
				CLANG_WARN_STRICT_PROTOTYPES = YES;
				CLANG_WARN_SUSPICIOUS_MOVE = YES;
				CLANG_WARN_UNGUARDED_AVAILABILITY = YES_AGGRESSIVE;
				CLANG_WARN_UNREACHABLE_CODE = YES;
				CLANG_WARN__DUPLICATE_METHOD_MATCH = YES;
				CODE_SIGN_IDENTITY = "iPhone Developer";
				COPY_PHASE_STRIP = NO;
				DEBUG_INFORMATION_FORMAT = "dwarf-with-dsym";
				ENABLE_NS_ASSERTIONS = NO;
				ENABLE_STRICT_OBJC_MSGSEND = YES;
				GCC_C_LANGUAGE_STANDARD = gnu11;
				GCC_NO_COMMON_BLOCKS = YES;
				GCC_WARN_64_TO_32_BIT_CONVERSION = YES;
				GCC_WARN_ABOUT_RETURN_TYPE = YES_ERROR;
				GCC_WARN_UNDECLARED_SELECTOR = YES;
				GCC_WARN_UNINITIALIZED_AUTOS = YES_AGGRESSIVE;
				GCC_WARN_UNUSED_FUNCTION = YES;
				GCC_WARN_UNUSED_VARIABLE = YES;
				IPHONEOS_DEPLOYMENT_TARGET = 11.4;
				MTL_ENABLE_DEBUG_INFO = NO;
				SDKROOT = iphoneos;
				SWIFT_COMPILATION_MODE = wholemodule;
				SWIFT_OPTIMIZATION_LEVEL = "-O";
				VALIDATE_PRODUCT = YES;
			};
			name = Release;
		};
		D90EDB98214FD93A00012383 /* Debug */ = {
			isa = XCBuildConfiguration;
			baseConfigurationReference = F26E5E653816776DDD2835F9 /* Pods-MoneyControl.debug.xcconfig */;
			buildSettings = {
				ASSETCATALOG_COMPILER_APPICON_NAME = AppIcon;
				CODE_SIGN_STYLE = Automatic;
				DEVELOPMENT_TEAM = ZG9WMFCLTY;
				INFOPLIST_FILE = MoneyControl/Info.plist;
				IPHONEOS_DEPLOYMENT_TARGET = 10.0;
				LD_RUNPATH_SEARCH_PATHS = (
					"$(inherited)",
					"@executable_path/Frameworks",
				);
				PRODUCT_BUNDLE_IDENTIFIER = com.personal.TheMovieDB;
				PRODUCT_NAME = "$(TARGET_NAME)";
				SWIFT_VERSION = 4.2;
				TARGETED_DEVICE_FAMILY = 1;
			};
			name = Debug;
		};
		D90EDB99214FD93A00012383 /* Release */ = {
			isa = XCBuildConfiguration;
			baseConfigurationReference = 6CFAAB9EC7B78DE15D776C6B /* Pods-MoneyControl.release.xcconfig */;
			buildSettings = {
				ASSETCATALOG_COMPILER_APPICON_NAME = AppIcon;
				CODE_SIGN_STYLE = Automatic;
				DEVELOPMENT_TEAM = ZG9WMFCLTY;
				INFOPLIST_FILE = MoneyControl/Info.plist;
				IPHONEOS_DEPLOYMENT_TARGET = 10.0;
				LD_RUNPATH_SEARCH_PATHS = (
					"$(inherited)",
					"@executable_path/Frameworks",
				);
				PRODUCT_BUNDLE_IDENTIFIER = com.personal.TheMovieDB;
				PRODUCT_NAME = "$(TARGET_NAME)";
				SWIFT_VERSION = 4.2;
				TARGETED_DEVICE_FAMILY = 1;
			};
			name = Release;
		};
/* End XCBuildConfiguration section */

/* Begin XCConfigurationList section */
		D90EDB80214FD93900012383 /* Build configuration list for PBXProject "MoneyControl" */ = {
			isa = XCConfigurationList;
			buildConfigurations = (
				D90EDB95214FD93A00012383 /* Debug */,
				D90EDB96214FD93A00012383 /* Release */,
			);
			defaultConfigurationIsVisible = 0;
			defaultConfigurationName = Release;
		};
		D90EDB97214FD93A00012383 /* Build configuration list for PBXNativeTarget "MoneyControl" */ = {
			isa = XCConfigurationList;
			buildConfigurations = (
				D90EDB98214FD93A00012383 /* Debug */,
				D90EDB99214FD93A00012383 /* Release */,
			);
			defaultConfigurationIsVisible = 0;
			defaultConfigurationName = Release;
		};
/* End XCConfigurationList section */
	};
	rootObject = D90EDB7D214FD93900012383 /* Project object */;
}
