// !$*UTF8*$!
{
	archiveVersion = 1;
	classes = {
	};
	objectVersion = 50;
	objects = {

/* Begin PBXBuildFile section */
		874C9214D46A2969E42A48B2 /* Pods_MoneyControl.framework in Frameworks */ = {isa = PBXBuildFile; fileRef = BE97D8B7FB287C9B7A662C78 /* Pods_MoneyControl.framework */; };
		D90EDB89214FD93900012383 /* AppDelegate.swift in Sources */ = {isa = PBXBuildFile; fileRef = D90EDB88214FD93900012383 /* AppDelegate.swift */; };
		D90EDB8B214FD93900012383 /* ViewController.swift in Sources */ = {isa = PBXBuildFile; fileRef = D90EDB8A214FD93900012383 /* ViewController.swift */; };
		D90EDB8E214FD93900012383 /* Main.storyboard in Resources */ = {isa = PBXBuildFile; fileRef = D90EDB8C214FD93900012383 /* Main.storyboard */; };
		D90EDB93214FD93A00012383 /* LaunchScreen.storyboard in Resources */ = {isa = PBXBuildFile; fileRef = D90EDB91214FD93A00012383 /* LaunchScreen.storyboard */; };
		D90EDB9B214FE53900012383 /* Assets.xcassets in Resources */ = {isa = PBXBuildFile; fileRef = D90EDB9A214FE53900012383 /* Assets.xcassets */; };
		D95F3FD8215435420039D714 /* Lato-Bold.ttf in Resources */ = {isa = PBXBuildFile; fileRef = D95F3FD7215435420039D714 /* Lato-Bold.ttf */; };
/* End PBXBuildFile section */

/* Begin PBXFileReference section */
		6CFAAB9EC7B78DE15D776C6B /* Pods-MoneyControl.release.xcconfig */ = {isa = PBXFileReference; includeInIndex = 1; lastKnownFileType = text.xcconfig; name = "Pods-MoneyControl.release.xcconfig"; path = "Pods/Target Support Files/Pods-MoneyControl/Pods-MoneyControl.release.xcconfig"; sourceTree = "<group>"; };
		BE97D8B7FB287C9B7A662C78 /* Pods_MoneyControl.framework */ = {isa = PBXFileReference; explicitFileType = wrapper.framework; includeInIndex = 0; path = Pods_MoneyControl.framework; sourceTree = BUILT_PRODUCTS_DIR; };
		D90EDB85214FD93900012383 /* MoneyControl.app */ = {isa = PBXFileReference; explicitFileType = wrapper.application; includeInIndex = 0; path = MoneyControl.app; sourceTree = BUILT_PRODUCTS_DIR; };
		D90EDB88214FD93900012383 /* AppDelegate.swift */ = {isa = PBXFileReference; lastKnownFileType = sourcecode.swift; path = AppDelegate.swift; sourceTree = "<group>"; };
		D90EDB8A214FD93900012383 /* ViewController.swift */ = {isa = PBXFileReference; lastKnownFileType = sourcecode.swift; path = ViewController.swift; sourceTree = "<group>"; };
		D90EDB8D214FD93900012383 /* Base */ = {isa = PBXFileReference; lastKnownFileType = file.storyboard; name = Base; path = Base.lproj/Main.storyboard; sourceTree = "<group>"; };
		D90EDB92214FD93A00012383 /* Base */ = {isa = PBXFileReference; lastKnownFileType = file.storyboard; name = Base; path = Base.lproj/LaunchScreen.storyboard; sourceTree = "<group>"; };
		D90EDB94214FD93A00012383 /* Info.plist */ = {isa = PBXFileReference; lastKnownFileType = text.plist.xml; path = Info.plist; sourceTree = "<group>"; };
		D90EDB9A214FE53900012383 /* Assets.xcassets */ = {isa = PBXFileReference; lastKnownFileType = folder.assetcatalog; name = Assets.xcassets; path = "../../../Desktop/Upwork/Money control/Assets.xcassets"; sourceTree = "<group>"; };
		D95F3FD7215435420039D714 /* Lato-Bold.ttf */ = {isa = PBXFileReference; lastKnownFileType = file; path = "Lato-Bold.ttf"; sourceTree = "<group>"; };
		F26E5E653816776DDD2835F9 /* Pods-MoneyControl.debug.xcconfig */ = {isa = PBXFileReference; includeInIndex = 1; lastKnownFileType = text.xcconfig; name = "Pods-MoneyControl.debug.xcconfig"; path = "Pods/Target Support Files/Pods-MoneyControl/Pods-MoneyControl.debug.xcconfig"; sourceTree = "<group>"; };
/* End PBXFileReference section */

/* Begin PBXFrameworksBuildPhase section */
		D90EDB82214FD93900012383 /* Frameworks */ = {
			isa = PBXFrameworksBuildPhase;
			buildActionMask = 2147483647;
			files = (
				874C9214D46A2969E42A48B2 /* Pods_MoneyControl.framework in Frameworks */,
			);
			runOnlyForDeploymentPostprocessing = 0;
		};
/* End PBXFrameworksBuildPhase section */

/* Begin PBXGroup section */
		1CAC83439B05DDC1CF2AAE14 /* Pods */ = {
			isa = PBXGroup;
			children = (
				F26E5E653816776DDD2835F9 /* Pods-MoneyControl.debug.xcconfig */,
				6CFAAB9EC7B78DE15D776C6B /* Pods-MoneyControl.release.xcconfig */,
			);
			name = Pods;
			sourceTree = "<group>";
		};
		AA5A7890D2781D85B9F16BB4 /* Frameworks */ = {
			isa = PBXGroup;
			children = (
				BE97D8B7FB287C9B7A662C78 /* Pods_MoneyControl.framework */,
			);
			name = Frameworks;
			sourceTree = "<group>";
		};
		D90EDB7C214FD93900012383 = {
			isa = PBXGroup;
			children = (
				D90EDB87214FD93900012383 /* MoneyControl */,
				D90EDB86214FD93900012383 /* Products */,
				1CAC83439B05DDC1CF2AAE14 /* Pods */,
				AA5A7890D2781D85B9F16BB4 /* Frameworks */,
			);
			sourceTree = "<group>";
		};
		D90EDB86214FD93900012383 /* Products */ = {
			isa = PBXGroup;
			children = (
				D90EDB85214FD93900012383 /* MoneyControl.app */,
			);
			name = Products;
			sourceTree = "<group>";
		};
		D90EDB87214FD93900012383 /* MoneyControl */ = {
			isa = PBXGroup;
			children = (
				D95F3FD6215434FA0039D714 /* Fonts */,
				D90EDB88214FD93900012383 /* AppDelegate.swift */,
				D90EDB8A214FD93900012383 /* ViewController.swift */,
				D90EDB8C214FD93900012383 /* Main.storyboard */,
				D90EDB9A214FE53900012383 /* Assets.xcassets */,
				D90EDB91214FD93A00012383 /* LaunchScreen.storyboard */,
				D90EDB94214FD93A00012383 /* Info.plist */,
			);
			path = MoneyControl;
			sourceTree = "<group>";
		};
		D95F3FD6215434FA0039D714 /* Fonts */ = {
			isa = PBXGroup;
			children = (
				D95F3FD7215435420039D714 /* Lato-Bold.ttf */,
			);
			path = Fonts;
			sourceTree = "<group>";
		};
/* End PBXGroup section */

/* Begin PBXNativeTarget section */
		D90EDB84214FD93900012383 /* MoneyControl */ = {
			isa = PBXNativeTarget;
			buildConfigurationList = D90EDB97214FD93A00012383 /* Build configuration list for PBXNativeTarget "MoneyControl" */;
			buildPhases = (
				72E4DDBA8E9EFFAAC23AD982 /* [CP] Check Pods Manifest.lock */,
				D90EDB81214FD93900012383 /* Sources */,
				D90EDB82214FD93900012383 /* Frameworks */,
				D90EDB83214FD93900012383 /* Resources */,
			);
			buildRules = (
			);
			dependencies = (
			);
			name = MoneyControl;
			productName = MoneyControl;
			productReference = D90EDB85214FD93900012383 /* MoneyControl.app */;
			productType = "com.apple.product-type.application";
		};
/* End PBXNativeTarget section */

/* Begin PBXProject section */
		D90EDB7D214FD93900012383 /* Project object */ = {
			isa = PBXProject;
			attributes = {
				LastSwiftUpdateCheck = 0940;
				LastUpgradeCheck = 0940;
				ORGANIZATIONNAME = PxToday;
				TargetAttributes = {
					D90EDB84214FD93900012383 = {
						CreatedOnToolsVersion = 9.4.1;
					};
				};
			};
			buildConfigurationList = D90EDB80214FD93900012383 /* Build configuration list for PBXProject "MoneyControl" */;
			compatibilityVersion = "Xcode 9.3";
			developmentRegion = en;
			hasScannedForEncodings = 0;
			knownRegions = (
				en,
				Base,
			);
			mainGroup = D90EDB7C214FD93900012383;
			productRefGroup = D90EDB86214FD93900012383 /* Products */;
			projectDirPath = "";
			projectRoot = "";
			targets = (
				D90EDB84214FD93900012383 /* MoneyControl */,
			);
		};
/* End PBXProject section */

/* Begin PBXResourcesBuildPhase section */
		D90EDB83214FD93900012383 /* Resources */ = {
			isa = PBXResourcesBuildPhase;
			buildActionMask = 2147483647;
			files = (
				D90EDB93214FD93A00012383 /* LaunchScreen.storyboard in Resources */,
				D90EDB9B214FE53900012383 /* Assets.xcassets in Resources */,
				D90EDB8E214FD93900012383 /* Main.storyboard in Resources */,
				D95F3FD8215435420039D714 /* Lato-Bold.ttf in Resources */,
			);
			runOnlyForDeploymentPostprocessing = 0;
		};
/* End PBXResourcesBuildPhase section */

/* Begin PBXShellScriptBuildPhase section */
		72E4DDBA8E9EFFAAC23AD982 /* [CP] Check Pods Manifest.lock */ = {
			isa = PBXShellScriptBuildPhase;
			buildActionMask = 2147483647;
			files = (
			);
			inputPaths = (
				"${PODS_PODFILE_DIR_PATH}/Podfile.lock",
				"${PODS_ROOT}/Manifest.lock",
			);
			name = "[CP] Check Pods Manifest.lock";
			outputPaths = (
				"$(DERIVED_FILE_DIR)/Pods-MoneyControl-checkManifestLockResult.txt",
			);
			runOnlyForDeploymentPostprocessing = 0;
			shellPath = /bin/sh;
			shellScript = "diff \"${PODS_PODFILE_DIR_PATH}/Podfile.lock\" \"${PODS_ROOT}/Manifest.lock\" > /dev/null\nif [ $? != 0 ] ; then\n    # print error to STDERR\n    echo \"error: The sandbox is not in sync with the Podfile.lock. Run 'pod install' or update your CocoaPods installation.\" >&2\n    exit 1\nfi\n# This output is used by Xcode 'outputs' to avoid re-running this script phase.\necho \"SUCCESS\" > \"${SCRIPT_OUTPUT_FILE_0}\"\n";
			showEnvVarsInLog = 0;
		};
/* End PBXShellScriptBuildPhase section */

/* Begin PBXSourcesBuildPhase section */
		D90EDB81214FD93900012383 /* Sources */ = {
			isa = PBXSourcesBuildPhase;
			buildActionMask = 2147483647;
			files = (
				D90EDB8B214FD93900012383 /* ViewController.swift in Sources */,
				D90EDB89214FD93900012383 /* AppDelegate.swift in Sources */,
			);
			runOnlyForDeploymentPostprocessing = 0;
		};
/* End PBXSourcesBuildPhase section */

/* Begin PBXVariantGroup section */
		D90EDB8C214FD93900012383 /* Main.storyboard */ = {
			isa = PBXVariantGroup;
			children = (
				D90EDB8D214FD93900012383 /* Base */,
			);
			name = Main.storyboard;
			sourceTree = "<group>";
		};
		D90EDB91214FD93A00012383 /* LaunchScreen.storyboard */ = {
			isa = PBXVariantGroup;
			children = (
				D90EDB92214FD93A00012383 /* Base */,
			);
			name = LaunchScreen.storyboard;
			sourceTree = "<group>";
		};
/* End PBXVariantGroup section */

/* Begin XCBuildConfiguration section */
		D90EDB95214FD93A00012383 /* Debug */ = {
			isa = XCBuildConfiguration;
			buildSettings = {
				ALWAYS_SEARCH_USER_PATHS = NO;
				CLANG_ANALYZER_NONNULL = YES;
				CLANG_ANALYZER_NUMBER_OBJECT_CONVERSION = YES_AGGRESSIVE;
				CLANG_CXX_LANGUAGE_STANDARD = "gnu++14";
				CLANG_CXX_LIBRARY = "libc++";
				CLANG_ENABLE_MODULES = YES;
				CLANG_ENABLE_OBJC_ARC = YES;
				CLANG_ENABLE_OBJC_WEAK = YES;
				CLANG_WARN_BLOCK_CAPTURE_AUTORELEASING = YES;
				CLANG_WARN_BOOL_CONVERSION = YES;
				CLANG_WARN_COMMA = YES;
				CLANG_WARN_CONSTANT_CONVERSION = YES;
				CLANG_WARN_DEPRECATED_OBJC_IMPLEMENTATIONS = YES;
				CLANG_WARN_DIRECT_OBJC_ISA_USAGE = YES_ERROR;
				CLANG_WARN_DOCUMENTATION_COMMENTS = YES;
				CLANG_WARN_EMPTY_BODY = YES;
				CLANG_WARN_ENUM_CONVERSION = YES;
				CLANG_WARN_INFINITE_RECURSION = YES;
				CLANG_WARN_INT_CONVERSION = YES;
				CLANG_WARN_NON_LITERAL_NULL_CONVERSION = YES;
				CLANG_WARN_OBJC_IMPLICIT_RETAIN_SELF = YES;
				CLANG_WARN_OBJC_LITERAL_CONVERSION = YES;
				CLANG_WARN_OBJC_ROOT_CLASS = YES_ERROR;
				CLANG_WARN_RANGE_LOOP_ANALYSIS = YES;
				CLANG_WARN_STRICT_PROTOTYPES = YES;
				CLANG_WARN_SUSPICIOUS_MOVE = YES;
				CLANG_WARN_UNGUARDED_AVAILABILITY = YES_AGGRESSIVE;
				CLANG_WARN_UNREACHABLE_CODE = YES;
				CLANG_WARN__DUPLICATE_METHOD_MATCH = YES;
				CODE_SIGN_IDENTITY = "iPhone Developer";
				COPY_PHASE_STRIP = NO;
				DEBUG_INFORMATION_FORMAT = dwarf;
				ENABLE_STRICT_OBJC_MSGSEND = YES;
				ENABLE_TESTABILITY = YES;
				GCC_C_LANGUAGE_STANDARD = gnu11;
				GCC_DYNAMIC_NO_PIC = NO;
				GCC_NO_COMMON_BLOCKS = YES;
				GCC_OPTIMIZATION_LEVEL = 0;
				GCC_PREPROCESSOR_DEFINITIONS = (
					"DEBUG=1",
					"$(inherited)",
				);
				GCC_WARN_64_TO_32_BIT_CONVERSION = YES;
				GCC_WARN_ABOUT_RETURN_TYPE = YES_ERROR;
				GCC_WARN_UNDECLARED_SELECTOR = YES;
				GCC_WARN_UNINITIALIZED_AUTOS = YES_AGGRESSIVE;
				GCC_WARN_UNUSED_FUNCTION = YES;
				GCC_WARN_UNUSED_VARIABLE = YES;
				IPHONEOS_DEPLOYMENT_TARGET = 11.4;
				MTL_ENABLE_DEBUG_INFO = YES;
				ONLY_ACTIVE_ARCH = YES;
				SDKROOT = iphoneos;
				SWIFT_ACTIVE_COMPILATION_CONDITIONS = DEBUG;
				SWIFT_OPTIMIZATION_LEVEL = "-Onone";
			};
			name = Debug;
		};
		D90EDB96214FD93A00012383 /* Release */ = {
			isa = XCBuildConfiguration;
			buildSettings = {
				ALWAYS_SEARCH_USER_PATHS = NO;
				CLANG_ANALYZER_NONNULL = YES;
				CLANG_ANALYZER_NUMBER_OBJECT_CONVERSION = YES_AGGRESSIVE;
				CLANG_CXX_LANGUAGE_STANDARD = "gnu++14";
				CLANG_CXX_LIBRARY = "libc++";
				CLANG_ENABLE_MODULES = YES;
				CLANG_ENABLE_OBJC_ARC = YES;
				CLANG_ENABLE_OBJC_WEAK = YES;
				CLANG_WARN_BLOCK_CAPTURE_AUTORELEASING = YES;
				CLANG_WARN_BOOL_CONVERSION = YES;
				CLANG_WARN_COMMA = YES;
				CLANG_WARN_CONSTANT_CONVERSION = YES;
				CLANG_WARN_DEPRECATED_OBJC_IMPLEMENTATIONS = YES;
				CLANG_WARN_DIRECT_OBJC_ISA_USAGE = YES_ERROR;
				CLANG_WARN_DOCUMENTATION_COMMENTS = YES;
				CLANG_WARN_EMPTY_BODY = YES;
				CLANG_WARN_ENUM_CONVERSION = YES;
				CLANG_WARN_INFINITE_RECURSION = YES;
				CLANG_WARN_INT_CONVERSION = YES;
				CLANG_WARN_NON_LITERAL_NULL_CONVERSION = YES;
				CLANG_WARN_OBJC_IMPLICIT_RETAIN_SELF = YES;
				CLANG_WARN_OBJC_LITERAL_CONVERSION = YES;
				CLANG_WARN_OBJC_ROOT_CLASS = YES_ERROR;
				CLANG_WARN_RANGE_LOOP_ANALYSIS = YES;
				CLANG_WARN_STRICT_PROTOTYPES = YES;
				CLANG_WARN_SUSPICIOUS_MOVE = YES;
				CLANG_WARN_UNGUARDED_AVAILABILITY = YES_AGGRESSIVE;
				CLANG_WARN_UNREACHABLE_CODE = YES;
				CLANG_WARN__DUPLICATE_METHOD_MATCH = YES;
				CODE_SIGN_IDENTITY = "iPhone Developer";
				COPY_PHASE_STRIP = NO;
				DEBUG_INFORMATION_FORMAT = "dwarf-with-dsym";
				ENABLE_NS_ASSERTIONS = NO;
				ENABLE_STRICT_OBJC_MSGSEND = YES;
				GCC_C_LANGUAGE_STANDARD = gnu11;
				GCC_NO_COMMON_BLOCKS = YES;
				GCC_WARN_64_TO_32_BIT_CONVERSION = YES;
				GCC_WARN_ABOUT_RETURN_TYPE = YES_ERROR;
				GCC_WARN_UNDECLARED_SELECTOR = YES;
				GCC_WARN_UNINITIALIZED_AUTOS = YES_AGGRESSIVE;
				GCC_WARN_UNUSED_FUNCTION = YES;
				GCC_WARN_UNUSED_VARIABLE = YES;
				IPHONEOS_DEPLOYMENT_TARGET = 11.4;
				MTL_ENABLE_DEBUG_INFO = NO;
				SDKROOT = iphoneos;
				SWIFT_COMPILATION_MODE = wholemodule;
				SWIFT_OPTIMIZATION_LEVEL = "-O";
				VALIDATE_PRODUCT = YES;
			};
			name = Release;
		};
		D90EDB98214FD93A00012383 /* Debug */ = {
			isa = XCBuildConfiguration;
			baseConfigurationReference = F26E5E653816776DDD2835F9 /* Pods-MoneyControl.debug.xcconfig */;
			buildSettings = {
				ASSETCATALOG_COMPILER_APPICON_NAME = AppIcon;
				CODE_SIGN_STYLE = Automatic;
				DEVELOPMENT_TEAM = ZG9WMFCLTY;
				INFOPLIST_FILE = MoneyControl/Info.plist;
				IPHONEOS_DEPLOYMENT_TARGET = 10.0;
				LD_RUNPATH_SEARCH_PATHS = (
					"$(inherited)",
					"@executable_path/Frameworks",
				);
				PRODUCT_BUNDLE_IDENTIFIER = com.personal.TheMovieDB;
				PRODUCT_NAME = "$(TARGET_NAME)";
				SWIFT_VERSION = 4.0;
				TARGETED_DEVICE_FAMILY = 1;
			};
			name = Debug;
		};
		D90EDB99214FD93A00012383 /* Release */ = {
			isa = XCBuildConfiguration;
			baseConfigurationReference = 6CFAAB9EC7B78DE15D776C6B /* Pods-MoneyControl.release.xcconfig */;
			buildSettings = {
				ASSETCATALOG_COMPILER_APPICON_NAME = AppIcon;
				CODE_SIGN_STYLE = Automatic;
				DEVELOPMENT_TEAM = ZG9WMFCLTY;
				INFOPLIST_FILE = MoneyControl/Info.plist;
				IPHONEOS_DEPLOYMENT_TARGET = 10.0;
				LD_RUNPATH_SEARCH_PATHS = (
					"$(inherited)",
					"@executable_path/Frameworks",
				);
				PRODUCT_BUNDLE_IDENTIFIER = com.personal.TheMovieDB;
				PRODUCT_NAME = "$(TARGET_NAME)";
				SWIFT_VERSION = 4.0;
				TARGETED_DEVICE_FAMILY = 1;
			};
			name = Release;
		};
/* End XCBuildConfiguration section */

/* Begin XCConfigurationList section */
		D90EDB80214FD93900012383 /* Build configuration list for PBXProject "MoneyControl" */ = {
			isa = XCConfigurationList;
			buildConfigurations = (
				D90EDB95214FD93A00012383 /* Debug */,
				D90EDB96214FD93A00012383 /* Release */,
			);
			defaultConfigurationIsVisible = 0;
			defaultConfigurationName = Release;
		};
		D90EDB97214FD93A00012383 /* Build configuration list for PBXNativeTarget "MoneyControl" */ = {
			isa = XCConfigurationList;
			buildConfigurations = (
				D90EDB98214FD93A00012383 /* Debug */,
				D90EDB99214FD93A00012383 /* Release */,
			);
			defaultConfigurationIsVisible = 0;
			defaultConfigurationName = Release;
		};
/* End XCConfigurationList section */
	};
	rootObject = D90EDB7D214FD93900012383 /* Project object */;
}
